PODS:
  - AFNetworking (4.0.1):
    - AFNetworking/NSURLSession (= 4.0.1)
    - AFNetworking/Reachability (= 4.0.1)
    - AFNetworking/Security (= 4.0.1)
    - AFNetworking/Serialization (= 4.0.1)
    - AFNetworking/UIKit (= 4.0.1)
  - AFNetworking/NSURLSession (4.0.1):
    - AFNetworking/Reachability
    - AFNetworking/Security
    - AFNetworking/Serialization
  - AFNetworking/Reachability (4.0.1)
  - AFNetworking/Security (4.0.1)
  - AFNetworking/Serialization (4.0.1)
  - AFNetworking/UIKit (4.0.1):
    - AFNetworking/NSURLSession
  - FMDB (2.7.10):
    - FMDB/standard (= 2.7.10)
  - FMDB/standard (2.7.10)
  - JKCategories (1.9.3):
    - JKCategories/CoreData (= 1.9.3)
    - JKCategories/CoreLocation (= 1.9.3)
    - JKCategories/Foundation (= 1.9.3)
    - JKCategories/MapKit (= 1.9.3)
    - JKCategories/QuartzCore (= 1.9.3)
    - JKCategories/UIKit (= 1.9.3)
  - JKCategories/CoreData (1.9.3):
    - JKCategories/CoreData/NSFetchRequest (= 1.9.3)
    - JKCategories/CoreData/NSManagedObject (= 1.9.3)
    - JKCategories/CoreData/NSManagedObjectContext (= 1.9.3)
  - JKCategories/CoreData/NSFetchRequest (1.9.3)
  - JKCategories/CoreData/NSManagedObject (1.9.3):
    - JKCategories/CoreData/NSManagedObjectContext
  - JKCategories/CoreData/NSManagedObjectContext (1.9.3):
    - JKCategories/CoreData/NSFetchRequest
  - JKCategories/CoreLocation (1.9.3):
    - JKCategories/CoreLocation/CLLocation (= 1.9.3)
  - JKCategories/CoreLocation/CLLocation (1.9.3)
  - JKCategories/Foundation (1.9.3):
    - JKCategories/Foundation/NSArray (= 1.9.3)
    - JKCategories/Foundation/NSBundle (= 1.9.3)
    - JKCategories/Foundation/NSData (= 1.9.3)
    - JKCategories/Foundation/NSDate (= 1.9.3)
    - JKCategories/Foundation/NSDateFormatter (= 1.9.3)
    - JKCategories/Foundation/NSDictionary (= 1.9.3)
    - JKCategories/Foundation/NSException (= 1.9.3)
    - JKCategories/Foundation/NSFileHandle (= 1.9.3)
    - JKCategories/Foundation/NSFileManager (= 1.9.3)
    - JKCategories/Foundation/NSHTTPCookieStorage (= 1.9.3)
    - JKCategories/Foundation/NSIndexPath (= 1.9.3)
    - JKCategories/Foundation/NSInvocation (= 1.9.3)
    - JKCategories/Foundation/NSNotificationCenter (= 1.9.3)
    - JKCategories/Foundation/NSNumber (= 1.9.3)
    - JKCategories/Foundation/NSObject (= 1.9.3)
    - JKCategories/Foundation/NSRunLoop (= 1.9.3)
    - JKCategories/Foundation/NSSet (= 1.9.3)
    - JKCategories/Foundation/NSString (= 1.9.3)
    - JKCategories/Foundation/NSTimer (= 1.9.3)
    - JKCategories/Foundation/NSURL (= 1.9.3)
    - JKCategories/Foundation/NSURLConnection (= 1.9.3)
    - JKCategories/Foundation/NSURLRequest (= 1.9.3)
    - JKCategories/Foundation/NSURLSession (= 1.9.3)
    - JKCategories/Foundation/NSUserDefaults (= 1.9.3)
  - JKCategories/Foundation/NSArray (1.9.3)
  - JKCategories/Foundation/NSBundle (1.9.3)
  - JKCategories/Foundation/NSData (1.9.3)
  - JKCategories/Foundation/NSDate (1.9.3)
  - JKCategories/Foundation/NSDateFormatter (1.9.3)
  - JKCategories/Foundation/NSDictionary (1.9.3)
  - JKCategories/Foundation/NSException (1.9.3)
  - JKCategories/Foundation/NSFileHandle (1.9.3)
  - JKCategories/Foundation/NSFileManager (1.9.3)
  - JKCategories/Foundation/NSHTTPCookieStorage (1.9.3)
  - JKCategories/Foundation/NSIndexPath (1.9.3)
  - JKCategories/Foundation/NSInvocation (1.9.3)
  - JKCategories/Foundation/NSNotificationCenter (1.9.3)
  - JKCategories/Foundation/NSNumber (1.9.3)
  - JKCategories/Foundation/NSObject (1.9.3)
  - JKCategories/Foundation/NSRunLoop (1.9.3)
  - JKCategories/Foundation/NSSet (1.9.3)
  - JKCategories/Foundation/NSString (1.9.3):
    - JKCategories/Foundation/NSData
  - JKCategories/Foundation/NSTimer (1.9.3)
  - JKCategories/Foundation/NSURL (1.9.3)
  - JKCategories/Foundation/NSURLConnection (1.9.3)
  - JKCategories/Foundation/NSURLRequest (1.9.3)
  - JKCategories/Foundation/NSURLSession (1.9.3)
  - JKCategories/Foundation/NSUserDefaults (1.9.3)
  - JKCategories/MapKit (1.9.3):
    - JKCategories/MapKit/MKMapView (= 1.9.3)
  - JKCategories/MapKit/MKMapView (1.9.3)
  - JKCategories/QuartzCore (1.9.3):
    - JKCategories/QuartzCore/CAAnimation (= 1.9.3)
    - JKCategories/QuartzCore/CALayer (= 1.9.3)
    - JKCategories/QuartzCore/CAMediaTimingFunction (= 1.9.3)
    - JKCategories/QuartzCore/CAShapeLayer (= 1.9.3)
    - JKCategories/QuartzCore/CATransaction (= 1.9.3)
  - JKCategories/QuartzCore/CAAnimation (1.9.3)
  - JKCategories/QuartzCore/CALayer (1.9.3)
  - JKCategories/QuartzCore/CAMediaTimingFunction (1.9.3)
  - JKCategories/QuartzCore/CAShapeLayer (1.9.3)
  - JKCategories/QuartzCore/CATransaction (1.9.3)
  - JKCategories/UIKit (1.9.3):
    - JKCategories/UIKit/UIApplication (= 1.9.3)
    - JKCategories/UIKit/UIBarButtonItem (= 1.9.3)
    - JKCategories/UIKit/UIBezierPath (= 1.9.3)
    - JKCategories/UIKit/UIButton (= 1.9.3)
    - JKCategories/UIKit/UIColor (= 1.9.3)
    - JKCategories/UIKit/UIControl (= 1.9.3)
    - JKCategories/UIKit/UIDevice (= 1.9.3)
    - JKCategories/UIKit/UIFont (= 1.9.3)
    - JKCategories/UIKit/UIImage (= 1.9.3)
    - JKCategories/UIKit/UIImageView (= 1.9.3)
    - JKCategories/UIKit/UILable (= 1.9.3)
    - JKCategories/UIKit/UINavigationBar (= 1.9.3)
    - JKCategories/UIKit/UINavigationController (= 1.9.3)
    - JKCategories/UIKit/UINavigationItem (= 1.9.3)
    - JKCategories/UIKit/UIPopoverController (= 1.9.3)
    - JKCategories/UIKit/UIResponder (= 1.9.3)
    - JKCategories/UIKit/UIScreen (= 1.9.3)
    - JKCategories/UIKit/UIScrollView (= 1.9.3)
    - JKCategories/UIKit/UISearchBar (= 1.9.3)
    - JKCategories/UIKit/UISplitViewController (= 1.9.3)
    - JKCategories/UIKit/UITableView (= 1.9.3)
    - JKCategories/UIKit/UITableViewCell (= 1.9.3)
    - JKCategories/UIKit/UITextField (= 1.9.3)
    - JKCategories/UIKit/UITextView (= 1.9.3)
    - JKCategories/UIKit/UIView (= 1.9.3)
    - JKCategories/UIKit/UIViewController (= 1.9.3)
    - JKCategories/UIKit/UIWindow (= 1.9.3)
  - JKCategories/UIKit/UIApplication (1.9.3)
  - JKCategories/UIKit/UIBarButtonItem (1.9.3)
  - JKCategories/UIKit/UIBezierPath (1.9.3)
  - JKCategories/UIKit/UIButton (1.9.3)
  - JKCategories/UIKit/UIColor (1.9.3)
  - JKCategories/UIKit/UIControl (1.9.3)
  - JKCategories/UIKit/UIDevice (1.9.3)
  - JKCategories/UIKit/UIFont (1.9.3)
  - JKCategories/UIKit/UIImage (1.9.3)
  - JKCategories/UIKit/UIImageView (1.9.3)
  - JKCategories/UIKit/UILable (1.9.3)
  - JKCategories/UIKit/UINavigationBar (1.9.3)
  - JKCategories/UIKit/UINavigationController (1.9.3)
  - JKCategories/UIKit/UINavigationItem (1.9.3)
  - JKCategories/UIKit/UIPopoverController (1.9.3)
  - JKCategories/UIKit/UIResponder (1.9.3)
  - JKCategories/UIKit/UIScreen (1.9.3)
  - JKCategories/UIKit/UIScrollView (1.9.3)
  - JKCategories/UIKit/UISearchBar (1.9.3)
  - JKCategories/UIKit/UISplitViewController (1.9.3)
  - JKCategories/UIKit/UITableView (1.9.3)
  - JKCategories/UIKit/UITableViewCell (1.9.3)
  - JKCategories/UIKit/UITextField (1.9.3)
  - JKCategories/UIKit/UITextView (1.9.3)
  - JKCategories/UIKit/UIView (1.9.3)
  - JKCategories/UIKit/UIViewController (1.9.3)
  - JKCategories/UIKit/UIWindow (1.9.3)
  - LKDBHelper (2.6.0):
    - LKDBHelper/standard (= 2.6.0)
  - LKDBHelper/standard (2.6.0):
    - FMDB
  - LSSafeProtector (2.1.4):
    - LSSafeProtector/Core (= 2.1.4)
    - LSSafeProtector/Foundation (= 2.1.4)
    - LSSafeProtector/MRC (= 2.1.4)
  - LSSafeProtector/Core (2.1.4)
  - LSSafeProtector/Foundation (2.1.4):
    - LSSafeProtector/Core
  - LSSafeProtector/MRC (2.1.4):
    - LSSafeProtector/Core
    - LSSafeProtector/Foundation
  - Masonry (1.1.0)
  - MBProgressHUD (1.2.0)
  - MJRefresh (3.7.9)
  - SDWebImage (5.19.1):
    - SDWebImage/Core (= 5.19.1)
  - SDWebImage/Core (5.19.1)
  - TZImagePickerController/Basic (3.8.4)
  - YYModel (1.0.4)

DEPENDENCIES:
  - AFNetworking
  - JKCategories
  - LKDBHelper
  - LSSafeProtector
  - Masonry
  - MBProgressHUD
  - MJRefresh
  - SDWebImage
  - TZImagePickerController/Basic
  - YYModel

SPEC REPOS:
  trunk:
    - AFNetworking
    - FMDB
    - JKCategories
    - LKDBHelper
    - LSSafeProtector
    - Masonry
    - MBProgressHUD
    - MJRefresh
    - SDWebImage
    - TZImagePickerController
    - YYModel

SPEC CHECKSUMS:
  AFNetworking: 3bd23d814e976cd148d7d44c3ab78017b744cd58
  FMDB: eae540775bf7d0c87a5af926ae37af69effe5a19
  JKCategories: c995567f04ff98680313f56544e6cb62d3152733
  LKDBHelper: 58982cb63832355860a64fed34c381f34e535fbd
  LSSafeProtector: b2e6c263079d365967cc4d19817b38291b5fcbe6
  Masonry: 678fab65091a9290e40e2832a55e7ab731aad201
  MBProgressHUD: 3ee5efcc380f6a79a7cc9b363dd669c5e1ae7406
  MJRefresh: ff9e531227924c84ce459338414550a05d2aea78
  SDWebImage: 40b0b4053e36c660a764958bff99eed16610acbb
  TZImagePickerController: f1c9f1cae6ac0e30b31aaa9698f9bf4a7cf5b84f
  YYModel: 2a7fdd96aaa4b86a824e26d0c517de8928c04b30

PODFILE CHECKSUM: 4f906a508a21775683404549cd0bdac52f32ca2c

COCOAPODS: 1.15.2
