// !$*UTF8*$!
{
	archiveVersion = 1;
	classes = {
	};
	objectVersion = 56;
	objects = {

/* Begin PBXBuildFile section */
		6724688B2BAC1A680088B0A3 /* AppDelegate.m in Sources */ = {isa = PBXBuildFile; fileRef = 6724688A2BAC1A680088B0A3 /* AppDelegate.m */; };
		672468912BAC1A680088B0A3 /* ViewController.m in Sources */ = {isa = PBXBuildFile; fileRef = 672468902BAC1A680088B0A3 /* ViewController.m */; };
		672468942BAC1A680088B0A3 /* Base in Resources */ = {isa = PBXBuildFile; fileRef = 672468932BAC1A680088B0A3 /* Base */; };
		672468962BAC1A6A0088B0A3 /* Assets.xcassets in Resources */ = {isa = PBXBuildFile; fileRef = 672468952BAC1A6A0088B0A3 /* Assets.xcassets */; };
		672468992BAC1A6A0088B0A3 /* Base in Resources */ = {isa = PBXBuildFile; fileRef = 672468982BAC1A6A0088B0A3 /* Base */; };
		6724689C2BAC1A6A0088B0A3 /* main.m in Sources */ = {isa = PBXBuildFile; fileRef = 6724689B2BAC1A6A0088B0A3 /* main.m */; };
		672468A62BAC1A6A0088B0A3 /* CalculatorFYLTests.m in Sources */ = {isa = PBXBuildFile; fileRef = 672468A52BAC1A6A0088B0A3 /* CalculatorFYLTests.m */; };
		672468B02BAC1A6A0088B0A3 /* CalculatorFYLUITests.m in Sources */ = {isa = PBXBuildFile; fileRef = 672468AF2BAC1A6A0088B0A3 /* CalculatorFYLUITests.m */; };
		672468B22BAC1A6A0088B0A3 /* CalculatorFYLUITestsLaunchTests.m in Sources */ = {isa = PBXBuildFile; fileRef = 672468B12BAC1A6A0088B0A3 /* CalculatorFYLUITestsLaunchTests.m */; };
		672468D72BAC1B880088B0A3 /* BaseModel.m in Sources */ = {isa = PBXBuildFile; fileRef = 672468BF2BAC1B880088B0A3 /* BaseModel.m */; };
		672468D82BAC1B880088B0A3 /* BaseNavigationBar.m in Sources */ = {isa = PBXBuildFile; fileRef = 672468C22BAC1B880088B0A3 /* BaseNavigationBar.m */; };
		672468D92BAC1B880088B0A3 /* NavigationBarHandler.m in Sources */ = {isa = PBXBuildFile; fileRef = 672468C42BAC1B880088B0A3 /* NavigationBarHandler.m */; };
		672468DA2BAC1B880088B0A3 /* YLNavigationViewController.m in Sources */ = {isa = PBXBuildFile; fileRef = 672468C62BAC1B880088B0A3 /* YLNavigationViewController.m */; };
		672468DB2BAC1B880088B0A3 /* YLTabbar_View.m in Sources */ = {isa = PBXBuildFile; fileRef = 672468C92BAC1B880088B0A3 /* YLTabbar_View.m */; };
		672468DC2BAC1B880088B0A3 /* YLTabbarItem_View.m in Sources */ = {isa = PBXBuildFile; fileRef = 672468CB2BAC1B880088B0A3 /* YLTabbarItem_View.m */; };
		672468DD2BAC1B880088B0A3 /* YLTabBarViewController.m in Sources */ = {isa = PBXBuildFile; fileRef = 672468CD2BAC1B880088B0A3 /* YLTabBarViewController.m */; };
		672468DF2BAC1B880088B0A3 /* ZJ_UserLoginInfomation.m in Sources */ = {isa = PBXBuildFile; fileRef = 672468D22BAC1B880088B0A3 /* ZJ_UserLoginInfomation.m */; };
		672468E02BAC1B880088B0A3 /* BaseViewController.m in Sources */ = {isa = PBXBuildFile; fileRef = 672468D52BAC1B880088B0A3 /* BaseViewController.m */; };
		672469122BAC1BC80088B0A3 /* text_emoji_01.png in Resources */ = {isa = PBXBuildFile; fileRef = 672468E12BAC1BC80088B0A3 /* text_emoji_01.png */; };
		672469132BAC1BC80088B0A3 /* text_emoji_02.png in Resources */ = {isa = PBXBuildFile; fileRef = 672468E22BAC1BC80088B0A3 /* text_emoji_02.png */; };
		672469142BAC1BC80088B0A3 /* text_emoji_03.png in Resources */ = {isa = PBXBuildFile; fileRef = 672468E32BAC1BC80088B0A3 /* text_emoji_03.png */; };
		672469152BAC1BC80088B0A3 /* text_emoji_04.png in Resources */ = {isa = PBXBuildFile; fileRef = 672468E42BAC1BC80088B0A3 /* text_emoji_04.png */; };
		672469162BAC1BC80088B0A3 /* text_emoji_05.png in Resources */ = {isa = PBXBuildFile; fileRef = 672468E52BAC1BC80088B0A3 /* text_emoji_05.png */; };
		672469172BAC1BC80088B0A3 /* text_emoji_06.png in Resources */ = {isa = PBXBuildFile; fileRef = 672468E62BAC1BC80088B0A3 /* text_emoji_06.png */; };
		672469182BAC1BC80088B0A3 /* text_emoji_07.png in Resources */ = {isa = PBXBuildFile; fileRef = 672468E72BAC1BC80088B0A3 /* text_emoji_07.png */; };
		672469192BAC1BC80088B0A3 /* text_emoji_08.png in Resources */ = {isa = PBXBuildFile; fileRef = 672468E82BAC1BC80088B0A3 /* text_emoji_08.png */; };
		6724691A2BAC1BC80088B0A3 /* text_emoji_09.png in Resources */ = {isa = PBXBuildFile; fileRef = 672468E92BAC1BC80088B0A3 /* text_emoji_09.png */; };
		6724691B2BAC1BC80088B0A3 /* text_emoji_10.png in Resources */ = {isa = PBXBuildFile; fileRef = 672468EA2BAC1BC80088B0A3 /* text_emoji_10.png */; };
		6724691C2BAC1BC80088B0A3 /* text_emoji_11.png in Resources */ = {isa = PBXBuildFile; fileRef = 672468EB2BAC1BC80088B0A3 /* text_emoji_11.png */; };
		6724691D2BAC1BC80088B0A3 /* text_emoji_12.png in Resources */ = {isa = PBXBuildFile; fileRef = 672468EC2BAC1BC80088B0A3 /* text_emoji_12.png */; };
		6724691E2BAC1BC80088B0A3 /* text_emoji_13.png in Resources */ = {isa = PBXBuildFile; fileRef = 672468ED2BAC1BC80088B0A3 /* text_emoji_13.png */; };
		6724691F2BAC1BC80088B0A3 /* text_emoji_14.png in Resources */ = {isa = PBXBuildFile; fileRef = 672468EE2BAC1BC80088B0A3 /* text_emoji_14.png */; };
		672469202BAC1BC80088B0A3 /* text_emoji_15.png in Resources */ = {isa = PBXBuildFile; fileRef = 672468EF2BAC1BC80088B0A3 /* text_emoji_15.png */; };
		672469212BAC1BC80088B0A3 /* text_emoji_16.png in Resources */ = {isa = PBXBuildFile; fileRef = 672468F02BAC1BC80088B0A3 /* text_emoji_16.png */; };
		672469222BAC1BC80088B0A3 /* text_emoji_17.png in Resources */ = {isa = PBXBuildFile; fileRef = 672468F12BAC1BC80088B0A3 /* text_emoji_17.png */; };
		672469232BAC1BC80088B0A3 /* text_emoji_18.png in Resources */ = {isa = PBXBuildFile; fileRef = 672468F22BAC1BC80088B0A3 /* text_emoji_18.png */; };
		672469242BAC1BC80088B0A3 /* text_emoji_19.png in Resources */ = {isa = PBXBuildFile; fileRef = 672468F32BAC1BC80088B0A3 /* text_emoji_19.png */; };
		672469252BAC1BC80088B0A3 /* text_emoji_20.png in Resources */ = {isa = PBXBuildFile; fileRef = 672468F42BAC1BC80088B0A3 /* text_emoji_20.png */; };
		672469262BAC1BC80088B0A3 /* text_emoji_21.png in Resources */ = {isa = PBXBuildFile; fileRef = 672468F52BAC1BC80088B0A3 /* text_emoji_21.png */; };
		672469272BAC1BC80088B0A3 /* text_emoji_22.png in Resources */ = {isa = PBXBuildFile; fileRef = 672468F62BAC1BC80088B0A3 /* text_emoji_22.png */; };
		672469282BAC1BC80088B0A3 /* text_emoji_23.png in Resources */ = {isa = PBXBuildFile; fileRef = 672468F72BAC1BC80088B0A3 /* text_emoji_23.png */; };
		672469292BAC1BC80088B0A3 /* text_emoji_24.png in Resources */ = {isa = PBXBuildFile; fileRef = 672468F82BAC1BC80088B0A3 /* text_emoji_24.png */; };
		6724692A2BAC1BC80088B0A3 /* text_emoji_25.png in Resources */ = {isa = PBXBuildFile; fileRef = 672468F92BAC1BC80088B0A3 /* text_emoji_25.png */; };
		6724692B2BAC1BC80088B0A3 /* text_emoji_26.png in Resources */ = {isa = PBXBuildFile; fileRef = 672468FA2BAC1BC80088B0A3 /* text_emoji_26.png */; };
		6724692C2BAC1BC80088B0A3 /* text_emoji_27.png in Resources */ = {isa = PBXBuildFile; fileRef = 672468FB2BAC1BC80088B0A3 /* text_emoji_27.png */; };
		6724692D2BAC1BC80088B0A3 /* text_emoji_28.png in Resources */ = {isa = PBXBuildFile; fileRef = 672468FC2BAC1BC80088B0A3 /* text_emoji_28.png */; };
		6724692E2BAC1BC80088B0A3 /* text_emoji_29.png in Resources */ = {isa = PBXBuildFile; fileRef = 672468FD2BAC1BC80088B0A3 /* text_emoji_29.png */; };
		6724692F2BAC1BC80088B0A3 /* text_emoji_30.png in Resources */ = {isa = PBXBuildFile; fileRef = 672468FE2BAC1BC80088B0A3 /* text_emoji_30.png */; };
		672469302BAC1BC80088B0A3 /* text_emoji_31.png in Resources */ = {isa = PBXBuildFile; fileRef = 672468FF2BAC1BC80088B0A3 /* text_emoji_31.png */; };
		672469312BAC1BC80088B0A3 /* text_emoji_32.png in Resources */ = {isa = PBXBuildFile; fileRef = 672469002BAC1BC80088B0A3 /* text_emoji_32.png */; };
		672469322BAC1BC80088B0A3 /* text_emoji_33.png in Resources */ = {isa = PBXBuildFile; fileRef = 672469012BAC1BC80088B0A3 /* text_emoji_33.png */; };
		672469332BAC1BC80088B0A3 /* text_emoji_34.png in Resources */ = {isa = PBXBuildFile; fileRef = 672469022BAC1BC80088B0A3 /* text_emoji_34.png */; };
		672469342BAC1BC80088B0A3 /* text_emoji_35.png in Resources */ = {isa = PBXBuildFile; fileRef = 672469032BAC1BC80088B0A3 /* text_emoji_35.png */; };
		672469352BAC1BC80088B0A3 /* text_emoji_36.png in Resources */ = {isa = PBXBuildFile; fileRef = 672469042BAC1BC80088B0A3 /* text_emoji_36.png */; };
		672469362BAC1BC80088B0A3 /* text_emoji_37.png in Resources */ = {isa = PBXBuildFile; fileRef = 672469052BAC1BC80088B0A3 /* text_emoji_37.png */; };
		672469372BAC1BC80088B0A3 /* text_emoji_38.png in Resources */ = {isa = PBXBuildFile; fileRef = 672469062BAC1BC80088B0A3 /* text_emoji_38.png */; };
		672469382BAC1BC80088B0A3 /* ark-pixel-12px-monospaced-latin.ttf in Resources */ = {isa = PBXBuildFile; fileRef = 672469082BAC1BC80088B0A3 /* ark-pixel-12px-monospaced-latin.ttf */; };
		672469392BAC1BC80088B0A3 /* WenQuanDianZhenZhengHei.ttf in Resources */ = {isa = PBXBuildFile; fileRef = 672469092BAC1BC80088B0A3 /* WenQuanDianZhenZhengHei.ttf */; };
		6724693A2BAC1BC80088B0A3 /* www6*3_red.bmp in Resources */ = {isa = PBXBuildFile; fileRef = 6724690A2BAC1BC80088B0A3 /* www6*3_red.bmp */; };
		6724693B2BAC1BC80088B0A3 /* www6*3.bmp in Resources */ = {isa = PBXBuildFile; fileRef = 6724690B2BAC1BC80088B0A3 /* www6*3.bmp */; };
		6724693C2BAC1BC80088B0A3 /* www6*4_red.bmp in Resources */ = {isa = PBXBuildFile; fileRef = 6724690C2BAC1BC80088B0A3 /* www6*4_red.bmp */; };
		6724693D2BAC1BC80088B0A3 /* www6*4.bmp in Resources */ = {isa = PBXBuildFile; fileRef = 6724690D2BAC1BC80088B0A3 /* www6*4.bmp */; };
		6724693E2BAC1BC80088B0A3 /* www6*6_red.bmp in Resources */ = {isa = PBXBuildFile; fileRef = 6724690E2BAC1BC80088B0A3 /* www6*6_red.bmp */; };
		6724693F2BAC1BC80088B0A3 /* www6*6.bmp in Resources */ = {isa = PBXBuildFile; fileRef = 6724690F2BAC1BC80088B0A3 /* www6*6.bmp */; };
		67246C352BAC25AC0088B0A3 /* YLHomeViewController.m in Sources */ = {isa = PBXBuildFile; fileRef = 67246C342BAC25AC0088B0A3 /* YLHomeViewController.m */; };
		67246C392BAC25ED0088B0A3 /* YLMyViewController.m in Sources */ = {isa = PBXBuildFile; fileRef = 67246C382BAC25ED0088B0A3 /* YLMyViewController.m */; };
		67246C4A2BAC396C0088B0A3 /* YLMySetViewController.m in Sources */ = {isa = PBXBuildFile; fileRef = 67246C492BAC396C0088B0A3 /* YLMySetViewController.m */; };
		67246C542BAC3B0F0088B0A3 /* LoadingStyleManager.m in Sources */ = {isa = PBXBuildFile; fileRef = 67246C502BAC3B0F0088B0A3 /* LoadingStyleManager.m */; };
		67246C552BAC3B0F0088B0A3 /* MBProgressHUD+XBLoading.m in Sources */ = {isa = PBXBuildFile; fileRef = 67246C522BAC3B0F0088B0A3 /* MBProgressHUD+XBLoading.m */; };
		67246C592BAC3B480088B0A3 /* PublicHelpers.m in Sources */ = {isa = PBXBuildFile; fileRef = 67246C572BAC3B480088B0A3 /* PublicHelpers.m */; };
		67246D192BAC3BBE0088B0A3 /* YXHTTPRequst.m in Sources */ = {isa = PBXBuildFile; fileRef = 67246CBD2BAC3BBE0088B0A3 /* YXHTTPRequst.m */; };
		67246D1D2BAC3C1F0088B0A3 /* CommonManagement.m in Sources */ = {isa = PBXBuildFile; fileRef = 67246D1B2BAC3C1F0088B0A3 /* CommonManagement.m */; };
		67246D222BAC3C760088B0A3 /* SHMEmojiMethod.m in Sources */ = {isa = PBXBuildFile; fileRef = 67246D1E2BAC3C760088B0A3 /* SHMEmojiMethod.m */; };
		67246D232BAC3C760088B0A3 /* UITextField+LimitLength.m in Sources */ = {isa = PBXBuildFile; fileRef = 67246D202BAC3C760088B0A3 /* UITextField+LimitLength.m */; };
		67246D272BAC3CFE0088B0A3 /* ZZLabel.m in Sources */ = {isa = PBXBuildFile; fileRef = 67246D252BAC3CFD0088B0A3 /* ZZLabel.m */; };
		67246D2A2BAC3D4B0088B0A3 /* ZZAlertViewTools.m in Sources */ = {isa = PBXBuildFile; fileRef = 67246D292BAC3D4B0088B0A3 /* ZZAlertViewTools.m */; };
		67246D2D2BAC3DAC0088B0A3 /* ToolManagement.m in Sources */ = {isa = PBXBuildFile; fileRef = 67246D2B2BAC3DAC0088B0A3 /* ToolManagement.m */; };
		67246D3A2BAC3F0B0088B0A3 /* NSMutableAttributedString+WY_Extension.m in Sources */ = {isa = PBXBuildFile; fileRef = 67246D2F2BAC3F0B0088B0A3 /* NSMutableAttributedString+WY_Extension.m */; };
		67246D3B2BAC3F0B0088B0A3 /* NSMutableParagraphStyle+WY_Extension.m in Sources */ = {isa = PBXBuildFile; fileRef = 67246D322BAC3F0B0088B0A3 /* NSMutableParagraphStyle+WY_Extension.m */; };
		67246D3C2BAC3F0B0088B0A3 /* UILabel+WY_Extension.m in Sources */ = {isa = PBXBuildFile; fileRef = 67246D352BAC3F0B0088B0A3 /* UILabel+WY_Extension.m */; };
		67246D3D2BAC3F0B0088B0A3 /* UILabel+WY_RichText.m in Sources */ = {isa = PBXBuildFile; fileRef = 67246D372BAC3F0B0088B0A3 /* UILabel+WY_RichText.m */; };
		67246D472BAC3F480088B0A3 /* YLWKViewController.m in Sources */ = {isa = PBXBuildFile; fileRef = 67246D432BAC3F480088B0A3 /* YLWKViewController.m */; };
		6725DA652BBAB7D000695EA1 /* MSElementTable.m in Sources */ = {isa = PBXBuildFile; fileRef = 6725DA432BBAB7D000695EA1 /* MSElementTable.m */; };
		6725DA662BBAB7D000695EA1 /* MSParser.m in Sources */ = {isa = PBXBuildFile; fileRef = 6725DA452BBAB7D000695EA1 /* MSParser.m */; };
		6725DA672BBAB7D000695EA1 /* MSScaner.m in Sources */ = {isa = PBXBuildFile; fileRef = 6725DA472BBAB7D000695EA1 /* MSScaner.m */; };
		6725DA682BBAB7D000695EA1 /* MSStack.m in Sources */ = {isa = PBXBuildFile; fileRef = 6725DA492BBAB7D000695EA1 /* MSStack.m */; };
		6725DA692BBAB7D000695EA1 /* NSError+MSExpression.m in Sources */ = {isa = PBXBuildFile; fileRef = 6725DA4B2BBAB7D000695EA1 /* NSError+MSExpression.m */; };
		6725DA6A2BBAB7D000695EA1 /* MSExpressionHelper.m in Sources */ = {isa = PBXBuildFile; fileRef = 6725DA4E2BBAB7D000695EA1 /* MSExpressionHelper.m */; };
		6725DA6B2BBAB7D000695EA1 /* MSConstant.m in Sources */ = {isa = PBXBuildFile; fileRef = 6725DA512BBAB7D000695EA1 /* MSConstant.m */; };
		6725DA6C2BBAB7D000695EA1 /* MSElement.m in Sources */ = {isa = PBXBuildFile; fileRef = 6725DA532BBAB7D000695EA1 /* MSElement.m */; };
		6725DA6D2BBAB7D000695EA1 /* MSFunctionOperator.m in Sources */ = {isa = PBXBuildFile; fileRef = 6725DA552BBAB7D000695EA1 /* MSFunctionOperator.m */; };
		6725DA6E2BBAB7D000695EA1 /* MSNumber.m in Sources */ = {isa = PBXBuildFile; fileRef = 6725DA572BBAB7D000695EA1 /* MSNumber.m */; };
		6725DA6F2BBAB7D000695EA1 /* MSNumberGroup.m in Sources */ = {isa = PBXBuildFile; fileRef = 6725DA592BBAB7D000695EA1 /* MSNumberGroup.m */; };
		6725DA702BBAB7D000695EA1 /* MSOperator.m in Sources */ = {isa = PBXBuildFile; fileRef = 6725DA5B2BBAB7D000695EA1 /* MSOperator.m */; };
		6725DA712BBAB7D000695EA1 /* MSPairOperator.m in Sources */ = {isa = PBXBuildFile; fileRef = 6725DA5D2BBAB7D000695EA1 /* MSPairOperator.m */; };
		6725DA722BBAB7D000695EA1 /* MSValue.m in Sources */ = {isa = PBXBuildFile; fileRef = 6725DA5F2BBAB7D000695EA1 /* MSValue.m */; };
		6725DA732BBAB7D000695EA1 /* MSValueOperator.m in Sources */ = {isa = PBXBuildFile; fileRef = 6725DA612BBAB7D000695EA1 /* MSValueOperator.m */; };
		6725DA762BBABE7C00695EA1 /* YLShareDeviceOuterModel.m in Sources */ = {isa = PBXBuildFile; fileRef = 6725DA752BBABE7C00695EA1 /* YLShareDeviceOuterModel.m */; };
		6725DA792BBAC2C000695EA1 /* YLDIYEditBoxListView.m in Sources */ = {isa = PBXBuildFile; fileRef = 6725DA772BBAC2C000695EA1 /* YLDIYEditBoxListView.m */; };
		6725DA7D2BBAC2F400695EA1 /* BaseView.m in Sources */ = {isa = PBXBuildFile; fileRef = 6725DA7B2BBAC2F400695EA1 /* BaseView.m */; };
		67261E8F2BB7ECB000433DD1 /* FYLHistoryModel.m in Sources */ = {isa = PBXBuildFile; fileRef = 67261E8E2BB7ECB000433DD1 /* FYLHistoryModel.m */; };
		67261E922BB8181F00433DD1 /* FYLHistoricalRecordNewCell.m in Sources */ = {isa = PBXBuildFile; fileRef = 67261E912BB8181F00433DD1 /* FYLHistoricalRecordNewCell.m */; };
		673041392BB426B200EF02AB /* Calculate+Health.m in Sources */ = {isa = PBXBuildFile; fileRef = 673041372BB426B100EF02AB /* Calculate+Health.m */; };
		6730413E2BB426D600EF02AB /* Stack.m in Sources */ = {isa = PBXBuildFile; fileRef = 6730413A2BB426D600EF02AB /* Stack.m */; };
		6730413F2BB426D600EF02AB /* Calculate.m in Sources */ = {isa = PBXBuildFile; fileRef = 6730413B2BB426D600EF02AB /* Calculate.m */; };
		673041422BB4274300EF02AB /* advancedCalculator.m in Sources */ = {isa = PBXBuildFile; fileRef = 673041412BB4274300EF02AB /* advancedCalculator.m */; };
		67850B652BAE824300A44336 /* FYLHistoricalRecordCell.m in Sources */ = {isa = PBXBuildFile; fileRef = 67850B622BAE824300A44336 /* FYLHistoricalRecordCell.m */; };
		67850B662BAE824300A44336 /* FYLHistoricalRecordCell.xib in Resources */ = {isa = PBXBuildFile; fileRef = 67850B632BAE824300A44336 /* FYLHistoricalRecordCell.xib */; };
		67850B6A2BAE826B00A44336 /* YLUserToolManager.m in Sources */ = {isa = PBXBuildFile; fileRef = 67850B682BAE826B00A44336 /* YLUserToolManager.m */; };
		67850B6D2BAEA5ED00A44336 /* FYLRegularKeyboardView.m in Sources */ = {isa = PBXBuildFile; fileRef = 67850B6C2BAEA5ED00A44336 /* FYLRegularKeyboardView.m */; };
		67850B6F2BAEA5F800A44336 /* FYLRegularKeyboardView.xib in Resources */ = {isa = PBXBuildFile; fileRef = 67850B6E2BAEA5F800A44336 /* FYLRegularKeyboardView.xib */; };
		67850B712BAEB3C300A44336 /* FYLVIPKeyboardView.xib in Resources */ = {isa = PBXBuildFile; fileRef = 67850B702BAEB3C300A44336 /* FYLVIPKeyboardView.xib */; };
		67850B742BAEB3D500A44336 /* FYLVIPKeyboardView.m in Sources */ = {isa = PBXBuildFile; fileRef = 67850B732BAEB3D500A44336 /* FYLVIPKeyboardView.m */; };
		67DB322D2BB2D27900D3AD80 /* click.wav in Resources */ = {isa = PBXBuildFile; fileRef = 67DB32292BB2D27900D3AD80 /* click.wav */; };
		67DB322E2BB2D27900D3AD80 /* click2.wav in Resources */ = {isa = PBXBuildFile; fileRef = 67DB322A2BB2D27900D3AD80 /* click2.wav */; };
		67DB322F2BB2D27900D3AD80 /* click3.wav in Resources */ = {isa = PBXBuildFile; fileRef = 67DB322B2BB2D27900D3AD80 /* click3.wav */; };
		67DB32302BB2D27900D3AD80 /* click1.wav in Resources */ = {isa = PBXBuildFile; fileRef = 67DB322C2BB2D27900D3AD80 /* click1.wav */; };
		6CDC59FA4271E71A005BDB80 /* libPods-CalculatorFYL.a in Frameworks */ = {isa = PBXBuildFile; fileRef = 4E26AD402AEEF2CEEC4FD367 /* libPods-CalculatorFYL.a */; };
/* End PBXBuildFile section */

/* Begin PBXContainerItemProxy section */
		672468A22BAC1A6A0088B0A3 /* PBXContainerItemProxy */ = {
			isa = PBXContainerItemProxy;
			containerPortal = 6724687E2BAC1A680088B0A3 /* Project object */;
			proxyType = 1;
			remoteGlobalIDString = 672468852BAC1A680088B0A3;
			remoteInfo = CalculatorFYL;
		};
		672468AC2BAC1A6A0088B0A3 /* PBXContainerItemProxy */ = {
			isa = PBXContainerItemProxy;
			containerPortal = 6724687E2BAC1A680088B0A3 /* Project object */;
			proxyType = 1;
			remoteGlobalIDString = 672468852BAC1A680088B0A3;
			remoteInfo = CalculatorFYL;
		};
/* End PBXContainerItemProxy section */

/* Begin PBXFileReference section */
		34770DB41E8B5C45E20FA86F /* Pods-CalculatorFYL.release.xcconfig */ = {isa = PBXFileReference; includeInIndex = 1; lastKnownFileType = text.xcconfig; name = "Pods-CalculatorFYL.release.xcconfig"; path = "Target Support Files/Pods-CalculatorFYL/Pods-CalculatorFYL.release.xcconfig"; sourceTree = "<group>"; };
		4E26AD402AEEF2CEEC4FD367 /* libPods-CalculatorFYL.a */ = {isa = PBXFileReference; explicitFileType = archive.ar; includeInIndex = 0; path = "libPods-CalculatorFYL.a"; sourceTree = BUILT_PRODUCTS_DIR; };
		672468862BAC1A680088B0A3 /* CalculatorFYL.app */ = {isa = PBXFileReference; explicitFileType = wrapper.application; includeInIndex = 0; path = CalculatorFYL.app; sourceTree = BUILT_PRODUCTS_DIR; };
		672468892BAC1A680088B0A3 /* AppDelegate.h */ = {isa = PBXFileReference; lastKnownFileType = sourcecode.c.h; path = AppDelegate.h; sourceTree = "<group>"; };
		6724688A2BAC1A680088B0A3 /* AppDelegate.m */ = {isa = PBXFileReference; lastKnownFileType = sourcecode.c.objc; path = AppDelegate.m; sourceTree = "<group>"; };
		6724688F2BAC1A680088B0A3 /* ViewController.h */ = {isa = PBXFileReference; lastKnownFileType = sourcecode.c.h; path = ViewController.h; sourceTree = "<group>"; };
		672468902BAC1A680088B0A3 /* ViewController.m */ = {isa = PBXFileReference; lastKnownFileType = sourcecode.c.objc; path = ViewController.m; sourceTree = "<group>"; };
		672468932BAC1A680088B0A3 /* Base */ = {isa = PBXFileReference; lastKnownFileType = file.storyboard; name = Base; path = Base.lproj/Main.storyboard; sourceTree = "<group>"; };
		672468952BAC1A6A0088B0A3 /* Assets.xcassets */ = {isa = PBXFileReference; lastKnownFileType = folder.assetcatalog; path = Assets.xcassets; sourceTree = "<group>"; };
		672468982BAC1A6A0088B0A3 /* Base */ = {isa = PBXFileReference; lastKnownFileType = file.storyboard; name = Base; path = Base.lproj/LaunchScreen.storyboard; sourceTree = "<group>"; };
		6724689A2BAC1A6A0088B0A3 /* Info.plist */ = {isa = PBXFileReference; lastKnownFileType = text.plist.xml; path = Info.plist; sourceTree = "<group>"; };
		6724689B2BAC1A6A0088B0A3 /* main.m */ = {isa = PBXFileReference; lastKnownFileType = sourcecode.c.objc; path = main.m; sourceTree = "<group>"; };
		672468A12BAC1A6A0088B0A3 /* CalculatorFYLTests.xctest */ = {isa = PBXFileReference; explicitFileType = wrapper.cfbundle; includeInIndex = 0; path = CalculatorFYLTests.xctest; sourceTree = BUILT_PRODUCTS_DIR; };
		672468A52BAC1A6A0088B0A3 /* CalculatorFYLTests.m */ = {isa = PBXFileReference; lastKnownFileType = sourcecode.c.objc; path = CalculatorFYLTests.m; sourceTree = "<group>"; };
		672468AB2BAC1A6A0088B0A3 /* CalculatorFYLUITests.xctest */ = {isa = PBXFileReference; explicitFileType = wrapper.cfbundle; includeInIndex = 0; path = CalculatorFYLUITests.xctest; sourceTree = BUILT_PRODUCTS_DIR; };
		672468AF2BAC1A6A0088B0A3 /* CalculatorFYLUITests.m */ = {isa = PBXFileReference; lastKnownFileType = sourcecode.c.objc; path = CalculatorFYLUITests.m; sourceTree = "<group>"; };
		672468B12BAC1A6A0088B0A3 /* CalculatorFYLUITestsLaunchTests.m */ = {isa = PBXFileReference; lastKnownFileType = sourcecode.c.objc; path = CalculatorFYLUITestsLaunchTests.m; sourceTree = "<group>"; };
		672468BE2BAC1B880088B0A3 /* BaseModel.h */ = {isa = PBXFileReference; fileEncoding = 4; lastKnownFileType = sourcecode.c.h; path = BaseModel.h; sourceTree = "<group>"; };
		672468BF2BAC1B880088B0A3 /* BaseModel.m */ = {isa = PBXFileReference; fileEncoding = 4; lastKnownFileType = sourcecode.c.objc; path = BaseModel.m; sourceTree = "<group>"; };
		672468C12BAC1B880088B0A3 /* BaseNavigationBar.h */ = {isa = PBXFileReference; fileEncoding = 4; lastKnownFileType = sourcecode.c.h; path = BaseNavigationBar.h; sourceTree = "<group>"; };
		672468C22BAC1B880088B0A3 /* BaseNavigationBar.m */ = {isa = PBXFileReference; fileEncoding = 4; lastKnownFileType = sourcecode.c.objc; path = BaseNavigationBar.m; sourceTree = "<group>"; };
		672468C32BAC1B880088B0A3 /* NavigationBarHandler.h */ = {isa = PBXFileReference; fileEncoding = 4; lastKnownFileType = sourcecode.c.h; path = NavigationBarHandler.h; sourceTree = "<group>"; };
		672468C42BAC1B880088B0A3 /* NavigationBarHandler.m */ = {isa = PBXFileReference; fileEncoding = 4; lastKnownFileType = sourcecode.c.objc; path = NavigationBarHandler.m; sourceTree = "<group>"; };
		672468C52BAC1B880088B0A3 /* YLNavigationViewController.h */ = {isa = PBXFileReference; fileEncoding = 4; lastKnownFileType = sourcecode.c.h; path = YLNavigationViewController.h; sourceTree = "<group>"; };
		672468C62BAC1B880088B0A3 /* YLNavigationViewController.m */ = {isa = PBXFileReference; fileEncoding = 4; lastKnownFileType = sourcecode.c.objc; path = YLNavigationViewController.m; sourceTree = "<group>"; };
		672468C82BAC1B880088B0A3 /* YLTabbar_View.h */ = {isa = PBXFileReference; fileEncoding = 4; lastKnownFileType = sourcecode.c.h; path = YLTabbar_View.h; sourceTree = "<group>"; };
		672468C92BAC1B880088B0A3 /* YLTabbar_View.m */ = {isa = PBXFileReference; fileEncoding = 4; lastKnownFileType = sourcecode.c.objc; path = YLTabbar_View.m; sourceTree = "<group>"; };
		672468CA2BAC1B880088B0A3 /* YLTabbarItem_View.h */ = {isa = PBXFileReference; fileEncoding = 4; lastKnownFileType = sourcecode.c.h; path = YLTabbarItem_View.h; sourceTree = "<group>"; };
		672468CB2BAC1B880088B0A3 /* YLTabbarItem_View.m */ = {isa = PBXFileReference; fileEncoding = 4; lastKnownFileType = sourcecode.c.objc; path = YLTabbarItem_View.m; sourceTree = "<group>"; };
		672468CC2BAC1B880088B0A3 /* YLTabBarViewController.h */ = {isa = PBXFileReference; fileEncoding = 4; lastKnownFileType = sourcecode.c.h; path = YLTabBarViewController.h; sourceTree = "<group>"; };
		672468CD2BAC1B880088B0A3 /* YLTabBarViewController.m */ = {isa = PBXFileReference; fileEncoding = 4; lastKnownFileType = sourcecode.c.objc; path = YLTabBarViewController.m; sourceTree = "<group>"; };
		672468D12BAC1B880088B0A3 /* ZJ_UserLoginInfomation.h */ = {isa = PBXFileReference; fileEncoding = 4; lastKnownFileType = sourcecode.c.h; path = ZJ_UserLoginInfomation.h; sourceTree = "<group>"; };
		672468D22BAC1B880088B0A3 /* ZJ_UserLoginInfomation.m */ = {isa = PBXFileReference; fileEncoding = 4; lastKnownFileType = sourcecode.c.objc; path = ZJ_UserLoginInfomation.m; sourceTree = "<group>"; };
		672468D42BAC1B880088B0A3 /* BaseViewController.h */ = {isa = PBXFileReference; fileEncoding = 4; lastKnownFileType = sourcecode.c.h; path = BaseViewController.h; sourceTree = "<group>"; };
		672468D52BAC1B880088B0A3 /* BaseViewController.m */ = {isa = PBXFileReference; fileEncoding = 4; lastKnownFileType = sourcecode.c.objc; path = BaseViewController.m; sourceTree = "<group>"; };
		672468E12BAC1BC80088B0A3 /* text_emoji_01.png */ = {isa = PBXFileReference; lastKnownFileType = image.png; path = text_emoji_01.png; sourceTree = "<group>"; };
		672468E22BAC1BC80088B0A3 /* text_emoji_02.png */ = {isa = PBXFileReference; lastKnownFileType = image.png; path = text_emoji_02.png; sourceTree = "<group>"; };
		672468E32BAC1BC80088B0A3 /* text_emoji_03.png */ = {isa = PBXFileReference; lastKnownFileType = image.png; path = text_emoji_03.png; sourceTree = "<group>"; };
		672468E42BAC1BC80088B0A3 /* text_emoji_04.png */ = {isa = PBXFileReference; lastKnownFileType = image.png; path = text_emoji_04.png; sourceTree = "<group>"; };
		672468E52BAC1BC80088B0A3 /* text_emoji_05.png */ = {isa = PBXFileReference; lastKnownFileType = image.png; path = text_emoji_05.png; sourceTree = "<group>"; };
		672468E62BAC1BC80088B0A3 /* text_emoji_06.png */ = {isa = PBXFileReference; lastKnownFileType = image.png; path = text_emoji_06.png; sourceTree = "<group>"; };
		672468E72BAC1BC80088B0A3 /* text_emoji_07.png */ = {isa = PBXFileReference; lastKnownFileType = image.png; path = text_emoji_07.png; sourceTree = "<group>"; };
		672468E82BAC1BC80088B0A3 /* text_emoji_08.png */ = {isa = PBXFileReference; lastKnownFileType = image.png; path = text_emoji_08.png; sourceTree = "<group>"; };
		672468E92BAC1BC80088B0A3 /* text_emoji_09.png */ = {isa = PBXFileReference; lastKnownFileType = image.png; path = text_emoji_09.png; sourceTree = "<group>"; };
		672468EA2BAC1BC80088B0A3 /* text_emoji_10.png */ = {isa = PBXFileReference; lastKnownFileType = image.png; path = text_emoji_10.png; sourceTree = "<group>"; };
		672468EB2BAC1BC80088B0A3 /* text_emoji_11.png */ = {isa = PBXFileReference; lastKnownFileType = image.png; path = text_emoji_11.png; sourceTree = "<group>"; };
		672468EC2BAC1BC80088B0A3 /* text_emoji_12.png */ = {isa = PBXFileReference; lastKnownFileType = image.png; path = text_emoji_12.png; sourceTree = "<group>"; };
		672468ED2BAC1BC80088B0A3 /* text_emoji_13.png */ = {isa = PBXFileReference; lastKnownFileType = image.png; path = text_emoji_13.png; sourceTree = "<group>"; };
		672468EE2BAC1BC80088B0A3 /* text_emoji_14.png */ = {isa = PBXFileReference; lastKnownFileType = image.png; path = text_emoji_14.png; sourceTree = "<group>"; };
		672468EF2BAC1BC80088B0A3 /* text_emoji_15.png */ = {isa = PBXFileReference; lastKnownFileType = image.png; path = text_emoji_15.png; sourceTree = "<group>"; };
		672468F02BAC1BC80088B0A3 /* text_emoji_16.png */ = {isa = PBXFileReference; lastKnownFileType = image.png; path = text_emoji_16.png; sourceTree = "<group>"; };
		672468F12BAC1BC80088B0A3 /* text_emoji_17.png */ = {isa = PBXFileReference; lastKnownFileType = image.png; path = text_emoji_17.png; sourceTree = "<group>"; };
		672468F22BAC1BC80088B0A3 /* text_emoji_18.png */ = {isa = PBXFileReference; lastKnownFileType = image.png; path = text_emoji_18.png; sourceTree = "<group>"; };
		672468F32BAC1BC80088B0A3 /* text_emoji_19.png */ = {isa = PBXFileReference; lastKnownFileType = image.png; path = text_emoji_19.png; sourceTree = "<group>"; };
		672468F42BAC1BC80088B0A3 /* text_emoji_20.png */ = {isa = PBXFileReference; lastKnownFileType = image.png; path = text_emoji_20.png; sourceTree = "<group>"; };
		672468F52BAC1BC80088B0A3 /* text_emoji_21.png */ = {isa = PBXFileReference; lastKnownFileType = image.png; path = text_emoji_21.png; sourceTree = "<group>"; };
		672468F62BAC1BC80088B0A3 /* text_emoji_22.png */ = {isa = PBXFileReference; lastKnownFileType = image.png; path = text_emoji_22.png; sourceTree = "<group>"; };
		672468F72BAC1BC80088B0A3 /* text_emoji_23.png */ = {isa = PBXFileReference; lastKnownFileType = image.png; path = text_emoji_23.png; sourceTree = "<group>"; };
		672468F82BAC1BC80088B0A3 /* text_emoji_24.png */ = {isa = PBXFileReference; lastKnownFileType = image.png; path = text_emoji_24.png; sourceTree = "<group>"; };
		672468F92BAC1BC80088B0A3 /* text_emoji_25.png */ = {isa = PBXFileReference; lastKnownFileType = image.png; path = text_emoji_25.png; sourceTree = "<group>"; };
		672468FA2BAC1BC80088B0A3 /* text_emoji_26.png */ = {isa = PBXFileReference; lastKnownFileType = image.png; path = text_emoji_26.png; sourceTree = "<group>"; };
		672468FB2BAC1BC80088B0A3 /* text_emoji_27.png */ = {isa = PBXFileReference; lastKnownFileType = image.png; path = text_emoji_27.png; sourceTree = "<group>"; };
		672468FC2BAC1BC80088B0A3 /* text_emoji_28.png */ = {isa = PBXFileReference; lastKnownFileType = image.png; path = text_emoji_28.png; sourceTree = "<group>"; };
		672468FD2BAC1BC80088B0A3 /* text_emoji_29.png */ = {isa = PBXFileReference; lastKnownFileType = image.png; path = text_emoji_29.png; sourceTree = "<group>"; };
		672468FE2BAC1BC80088B0A3 /* text_emoji_30.png */ = {isa = PBXFileReference; lastKnownFileType = image.png; path = text_emoji_30.png; sourceTree = "<group>"; };
		672468FF2BAC1BC80088B0A3 /* text_emoji_31.png */ = {isa = PBXFileReference; lastKnownFileType = image.png; path = text_emoji_31.png; sourceTree = "<group>"; };
		672469002BAC1BC80088B0A3 /* text_emoji_32.png */ = {isa = PBXFileReference; lastKnownFileType = image.png; path = text_emoji_32.png; sourceTree = "<group>"; };
		672469012BAC1BC80088B0A3 /* text_emoji_33.png */ = {isa = PBXFileReference; lastKnownFileType = image.png; path = text_emoji_33.png; sourceTree = "<group>"; };
		672469022BAC1BC80088B0A3 /* text_emoji_34.png */ = {isa = PBXFileReference; lastKnownFileType = image.png; path = text_emoji_34.png; sourceTree = "<group>"; };
		672469032BAC1BC80088B0A3 /* text_emoji_35.png */ = {isa = PBXFileReference; lastKnownFileType = image.png; path = text_emoji_35.png; sourceTree = "<group>"; };
		672469042BAC1BC80088B0A3 /* text_emoji_36.png */ = {isa = PBXFileReference; lastKnownFileType = image.png; path = text_emoji_36.png; sourceTree = "<group>"; };
		672469052BAC1BC80088B0A3 /* text_emoji_37.png */ = {isa = PBXFileReference; lastKnownFileType = image.png; path = text_emoji_37.png; sourceTree = "<group>"; };
		672469062BAC1BC80088B0A3 /* text_emoji_38.png */ = {isa = PBXFileReference; lastKnownFileType = image.png; path = text_emoji_38.png; sourceTree = "<group>"; };
		672469082BAC1BC80088B0A3 /* ark-pixel-12px-monospaced-latin.ttf */ = {isa = PBXFileReference; lastKnownFileType = file; path = "ark-pixel-12px-monospaced-latin.ttf"; sourceTree = "<group>"; };
		672469092BAC1BC80088B0A3 /* WenQuanDianZhenZhengHei.ttf */ = {isa = PBXFileReference; lastKnownFileType = file; path = WenQuanDianZhenZhengHei.ttf; sourceTree = "<group>"; };
		6724690A2BAC1BC80088B0A3 /* www6*3_red.bmp */ = {isa = PBXFileReference; lastKnownFileType = image.bmp; path = "www6*3_red.bmp"; sourceTree = "<group>"; };
		6724690B2BAC1BC80088B0A3 /* www6*3.bmp */ = {isa = PBXFileReference; lastKnownFileType = image.bmp; path = "www6*3.bmp"; sourceTree = "<group>"; };
		6724690C2BAC1BC80088B0A3 /* www6*4_red.bmp */ = {isa = PBXFileReference; lastKnownFileType = image.bmp; path = "www6*4_red.bmp"; sourceTree = "<group>"; };
		6724690D2BAC1BC80088B0A3 /* www6*4.bmp */ = {isa = PBXFileReference; lastKnownFileType = image.bmp; path = "www6*4.bmp"; sourceTree = "<group>"; };
		6724690E2BAC1BC80088B0A3 /* www6*6_red.bmp */ = {isa = PBXFileReference; lastKnownFileType = image.bmp; path = "www6*6_red.bmp"; sourceTree = "<group>"; };
		6724690F2BAC1BC80088B0A3 /* www6*6.bmp */ = {isa = PBXFileReference; lastKnownFileType = image.bmp; path = "www6*6.bmp"; sourceTree = "<group>"; };
		672469402BAC1BEB0088B0A3 /* AppColorFontEtc.h */ = {isa = PBXFileReference; fileEncoding = 4; lastKnownFileType = sourcecode.c.h; path = AppColorFontEtc.h; sourceTree = "<group>"; };
		672469412BAC1BEB0088B0A3 /* ConstantHeader.h */ = {isa = PBXFileReference; fileEncoding = 4; lastKnownFileType = sourcecode.c.h; path = ConstantHeader.h; sourceTree = "<group>"; };
		672469422BAC1BEB0088B0A3 /* NetworkRequestAPI.h */ = {isa = PBXFileReference; fileEncoding = 4; lastKnownFileType = sourcecode.c.h; path = NetworkRequestAPI.h; sourceTree = "<group>"; };
		672469432BAC1BEB0088B0A3 /* PrefixHeader.pch */ = {isa = PBXFileReference; fileEncoding = 4; lastKnownFileType = sourcecode.c.h; path = PrefixHeader.pch; sourceTree = "<group>"; };
		67246C332BAC25AC0088B0A3 /* YLHomeViewController.h */ = {isa = PBXFileReference; lastKnownFileType = sourcecode.c.h; path = YLHomeViewController.h; sourceTree = "<group>"; };
		67246C342BAC25AC0088B0A3 /* YLHomeViewController.m */ = {isa = PBXFileReference; lastKnownFileType = sourcecode.c.objc; path = YLHomeViewController.m; sourceTree = "<group>"; };
		67246C372BAC25ED0088B0A3 /* YLMyViewController.h */ = {isa = PBXFileReference; lastKnownFileType = sourcecode.c.h; path = YLMyViewController.h; sourceTree = "<group>"; };
		67246C382BAC25ED0088B0A3 /* YLMyViewController.m */ = {isa = PBXFileReference; lastKnownFileType = sourcecode.c.objc; path = YLMyViewController.m; sourceTree = "<group>"; };
		67246C482BAC396C0088B0A3 /* YLMySetViewController.h */ = {isa = PBXFileReference; lastKnownFileType = sourcecode.c.h; path = YLMySetViewController.h; sourceTree = "<group>"; };
		67246C492BAC396C0088B0A3 /* YLMySetViewController.m */ = {isa = PBXFileReference; lastKnownFileType = sourcecode.c.objc; path = YLMySetViewController.m; sourceTree = "<group>"; };
		67246C4F2BAC3B0F0088B0A3 /* LoadingStyleManager.h */ = {isa = PBXFileReference; fileEncoding = 4; lastKnownFileType = sourcecode.c.h; path = LoadingStyleManager.h; sourceTree = "<group>"; };
		67246C502BAC3B0F0088B0A3 /* LoadingStyleManager.m */ = {isa = PBXFileReference; fileEncoding = 4; lastKnownFileType = sourcecode.c.objc; path = LoadingStyleManager.m; sourceTree = "<group>"; };
		67246C512BAC3B0F0088B0A3 /* MBProgressHUD+XBLoading.h */ = {isa = PBXFileReference; fileEncoding = 4; lastKnownFileType = sourcecode.c.h; path = "MBProgressHUD+XBLoading.h"; sourceTree = "<group>"; };
		67246C522BAC3B0F0088B0A3 /* MBProgressHUD+XBLoading.m */ = {isa = PBXFileReference; fileEncoding = 4; lastKnownFileType = sourcecode.c.objc; path = "MBProgressHUD+XBLoading.m"; sourceTree = "<group>"; };
		67246C562BAC3B480088B0A3 /* PublicHelpers.h */ = {isa = PBXFileReference; fileEncoding = 4; lastKnownFileType = sourcecode.c.h; path = PublicHelpers.h; sourceTree = "<group>"; };
		67246C572BAC3B480088B0A3 /* PublicHelpers.m */ = {isa = PBXFileReference; fileEncoding = 4; lastKnownFileType = sourcecode.c.objc; path = PublicHelpers.m; sourceTree = "<group>"; };
		67246CBC2BAC3BBE0088B0A3 /* YXHTTPRequst.h */ = {isa = PBXFileReference; fileEncoding = 4; lastKnownFileType = sourcecode.c.h; path = YXHTTPRequst.h; sourceTree = "<group>"; };
		67246CBD2BAC3BBE0088B0A3 /* YXHTTPRequst.m */ = {isa = PBXFileReference; fileEncoding = 4; lastKnownFileType = sourcecode.c.objc; path = YXHTTPRequst.m; sourceTree = "<group>"; };
		67246D1A2BAC3C1F0088B0A3 /* CommonManagement.h */ = {isa = PBXFileReference; fileEncoding = 4; lastKnownFileType = sourcecode.c.h; path = CommonManagement.h; sourceTree = "<group>"; };
		67246D1B2BAC3C1F0088B0A3 /* CommonManagement.m */ = {isa = PBXFileReference; fileEncoding = 4; lastKnownFileType = sourcecode.c.objc; path = CommonManagement.m; sourceTree = "<group>"; };
		67246D1E2BAC3C760088B0A3 /* SHMEmojiMethod.m */ = {isa = PBXFileReference; fileEncoding = 4; lastKnownFileType = sourcecode.c.objc; path = SHMEmojiMethod.m; sourceTree = "<group>"; };
		67246D1F2BAC3C760088B0A3 /* SHMEmojiMethod.h */ = {isa = PBXFileReference; fileEncoding = 4; lastKnownFileType = sourcecode.c.h; path = SHMEmojiMethod.h; sourceTree = "<group>"; };
		67246D202BAC3C760088B0A3 /* UITextField+LimitLength.m */ = {isa = PBXFileReference; fileEncoding = 4; lastKnownFileType = sourcecode.c.objc; path = "UITextField+LimitLength.m"; sourceTree = "<group>"; };
		67246D212BAC3C760088B0A3 /* UITextField+LimitLength.h */ = {isa = PBXFileReference; fileEncoding = 4; lastKnownFileType = sourcecode.c.h; path = "UITextField+LimitLength.h"; sourceTree = "<group>"; };
		67246D242BAC3CFD0088B0A3 /* ZZLabel.h */ = {isa = PBXFileReference; fileEncoding = 4; lastKnownFileType = sourcecode.c.h; path = ZZLabel.h; sourceTree = "<group>"; };
		67246D252BAC3CFD0088B0A3 /* ZZLabel.m */ = {isa = PBXFileReference; fileEncoding = 4; lastKnownFileType = sourcecode.c.objc; path = ZZLabel.m; sourceTree = "<group>"; };
		67246D282BAC3D4B0088B0A3 /* ZZAlertViewTools.h */ = {isa = PBXFileReference; fileEncoding = 4; lastKnownFileType = sourcecode.c.h; path = ZZAlertViewTools.h; sourceTree = "<group>"; };
		67246D292BAC3D4B0088B0A3 /* ZZAlertViewTools.m */ = {isa = PBXFileReference; fileEncoding = 4; lastKnownFileType = sourcecode.c.objc; path = ZZAlertViewTools.m; sourceTree = "<group>"; };
		67246D2B2BAC3DAC0088B0A3 /* ToolManagement.m */ = {isa = PBXFileReference; fileEncoding = 4; lastKnownFileType = sourcecode.c.objc; path = ToolManagement.m; sourceTree = "<group>"; };
		67246D2C2BAC3DAC0088B0A3 /* ToolManagement.h */ = {isa = PBXFileReference; fileEncoding = 4; lastKnownFileType = sourcecode.c.h; path = ToolManagement.h; sourceTree = "<group>"; };
		67246D2E2BAC3F0B0088B0A3 /* NSMutableAttributedString+WY_Extension.h */ = {isa = PBXFileReference; fileEncoding = 4; lastKnownFileType = sourcecode.c.h; path = "NSMutableAttributedString+WY_Extension.h"; sourceTree = "<group>"; };
		67246D2F2BAC3F0B0088B0A3 /* NSMutableAttributedString+WY_Extension.m */ = {isa = PBXFileReference; fileEncoding = 4; lastKnownFileType = sourcecode.c.objc; path = "NSMutableAttributedString+WY_Extension.m"; sourceTree = "<group>"; };
		67246D312BAC3F0B0088B0A3 /* NSMutableParagraphStyle+WY_Extension.h */ = {isa = PBXFileReference; fileEncoding = 4; lastKnownFileType = sourcecode.c.h; path = "NSMutableParagraphStyle+WY_Extension.h"; sourceTree = "<group>"; };
		67246D322BAC3F0B0088B0A3 /* NSMutableParagraphStyle+WY_Extension.m */ = {isa = PBXFileReference; fileEncoding = 4; lastKnownFileType = sourcecode.c.objc; path = "NSMutableParagraphStyle+WY_Extension.m"; sourceTree = "<group>"; };
		67246D342BAC3F0B0088B0A3 /* UILabel+WY_Extension.h */ = {isa = PBXFileReference; fileEncoding = 4; lastKnownFileType = sourcecode.c.h; path = "UILabel+WY_Extension.h"; sourceTree = "<group>"; };
		67246D352BAC3F0B0088B0A3 /* UILabel+WY_Extension.m */ = {isa = PBXFileReference; fileEncoding = 4; lastKnownFileType = sourcecode.c.objc; path = "UILabel+WY_Extension.m"; sourceTree = "<group>"; };
		67246D362BAC3F0B0088B0A3 /* UILabel+WY_RichText.h */ = {isa = PBXFileReference; fileEncoding = 4; lastKnownFileType = sourcecode.c.h; path = "UILabel+WY_RichText.h"; sourceTree = "<group>"; };
		67246D372BAC3F0B0088B0A3 /* UILabel+WY_RichText.m */ = {isa = PBXFileReference; fileEncoding = 4; lastKnownFileType = sourcecode.c.objc; path = "UILabel+WY_RichText.m"; sourceTree = "<group>"; };
		67246D422BAC3F480088B0A3 /* YLWKViewController.h */ = {isa = PBXFileReference; fileEncoding = 4; lastKnownFileType = sourcecode.c.h; path = YLWKViewController.h; sourceTree = "<group>"; };
		67246D432BAC3F480088B0A3 /* YLWKViewController.m */ = {isa = PBXFileReference; fileEncoding = 4; lastKnownFileType = sourcecode.c.objc; path = YLWKViewController.m; sourceTree = "<group>"; };
		6725DA422BBAB7D000695EA1 /* MSElementTable.h */ = {isa = PBXFileReference; fileEncoding = 4; lastKnownFileType = sourcecode.c.h; path = MSElementTable.h; sourceTree = "<group>"; };
		6725DA432BBAB7D000695EA1 /* MSElementTable.m */ = {isa = PBXFileReference; fileEncoding = 4; lastKnownFileType = sourcecode.c.objc; path = MSElementTable.m; sourceTree = "<group>"; };
		6725DA442BBAB7D000695EA1 /* MSParser.h */ = {isa = PBXFileReference; fileEncoding = 4; lastKnownFileType = sourcecode.c.h; path = MSParser.h; sourceTree = "<group>"; };
		6725DA452BBAB7D000695EA1 /* MSParser.m */ = {isa = PBXFileReference; fileEncoding = 4; lastKnownFileType = sourcecode.c.objc; path = MSParser.m; sourceTree = "<group>"; };
		6725DA462BBAB7D000695EA1 /* MSScaner.h */ = {isa = PBXFileReference; fileEncoding = 4; lastKnownFileType = sourcecode.c.h; path = MSScaner.h; sourceTree = "<group>"; };
		6725DA472BBAB7D000695EA1 /* MSScaner.m */ = {isa = PBXFileReference; fileEncoding = 4; lastKnownFileType = sourcecode.c.objc; path = MSScaner.m; sourceTree = "<group>"; };
		6725DA482BBAB7D000695EA1 /* MSStack.h */ = {isa = PBXFileReference; fileEncoding = 4; lastKnownFileType = sourcecode.c.h; path = MSStack.h; sourceTree = "<group>"; };
		6725DA492BBAB7D000695EA1 /* MSStack.m */ = {isa = PBXFileReference; fileEncoding = 4; lastKnownFileType = sourcecode.c.objc; path = MSStack.m; sourceTree = "<group>"; };
		6725DA4A2BBAB7D000695EA1 /* NSError+MSExpression.h */ = {isa = PBXFileReference; fileEncoding = 4; lastKnownFileType = sourcecode.c.h; path = "NSError+MSExpression.h"; sourceTree = "<group>"; };
		6725DA4B2BBAB7D000695EA1 /* NSError+MSExpression.m */ = {isa = PBXFileReference; fileEncoding = 4; lastKnownFileType = sourcecode.c.objc; path = "NSError+MSExpression.m"; sourceTree = "<group>"; };
		6725DA4D2BBAB7D000695EA1 /* MSExpressionHelper.h */ = {isa = PBXFileReference; fileEncoding = 4; lastKnownFileType = sourcecode.c.h; path = MSExpressionHelper.h; sourceTree = "<group>"; };
		6725DA4E2BBAB7D000695EA1 /* MSExpressionHelper.m */ = {isa = PBXFileReference; fileEncoding = 4; lastKnownFileType = sourcecode.c.objc; path = MSExpressionHelper.m; sourceTree = "<group>"; };
		6725DA502BBAB7D000695EA1 /* MSConstant.h */ = {isa = PBXFileReference; fileEncoding = 4; lastKnownFileType = sourcecode.c.h; path = MSConstant.h; sourceTree = "<group>"; };
		6725DA512BBAB7D000695EA1 /* MSConstant.m */ = {isa = PBXFileReference; fileEncoding = 4; lastKnownFileType = sourcecode.c.objc; path = MSConstant.m; sourceTree = "<group>"; };
		6725DA522BBAB7D000695EA1 /* MSElement.h */ = {isa = PBXFileReference; fileEncoding = 4; lastKnownFileType = sourcecode.c.h; path = MSElement.h; sourceTree = "<group>"; };
		6725DA532BBAB7D000695EA1 /* MSElement.m */ = {isa = PBXFileReference; fileEncoding = 4; lastKnownFileType = sourcecode.c.objc; path = MSElement.m; sourceTree = "<group>"; };
		6725DA542BBAB7D000695EA1 /* MSFunctionOperator.h */ = {isa = PBXFileReference; fileEncoding = 4; lastKnownFileType = sourcecode.c.h; path = MSFunctionOperator.h; sourceTree = "<group>"; };
		6725DA552BBAB7D000695EA1 /* MSFunctionOperator.m */ = {isa = PBXFileReference; fileEncoding = 4; lastKnownFileType = sourcecode.c.objc; path = MSFunctionOperator.m; sourceTree = "<group>"; };
		6725DA562BBAB7D000695EA1 /* MSNumber.h */ = {isa = PBXFileReference; fileEncoding = 4; lastKnownFileType = sourcecode.c.h; path = MSNumber.h; sourceTree = "<group>"; };
		6725DA572BBAB7D000695EA1 /* MSNumber.m */ = {isa = PBXFileReference; fileEncoding = 4; lastKnownFileType = sourcecode.c.objc; path = MSNumber.m; sourceTree = "<group>"; };
		6725DA582BBAB7D000695EA1 /* MSNumberGroup.h */ = {isa = PBXFileReference; fileEncoding = 4; lastKnownFileType = sourcecode.c.h; path = MSNumberGroup.h; sourceTree = "<group>"; };
		6725DA592BBAB7D000695EA1 /* MSNumberGroup.m */ = {isa = PBXFileReference; fileEncoding = 4; lastKnownFileType = sourcecode.c.objc; path = MSNumberGroup.m; sourceTree = "<group>"; };
		6725DA5A2BBAB7D000695EA1 /* MSOperator.h */ = {isa = PBXFileReference; fileEncoding = 4; lastKnownFileType = sourcecode.c.h; path = MSOperator.h; sourceTree = "<group>"; };
		6725DA5B2BBAB7D000695EA1 /* MSOperator.m */ = {isa = PBXFileReference; fileEncoding = 4; lastKnownFileType = sourcecode.c.objc; path = MSOperator.m; sourceTree = "<group>"; };
		6725DA5C2BBAB7D000695EA1 /* MSPairOperator.h */ = {isa = PBXFileReference; fileEncoding = 4; lastKnownFileType = sourcecode.c.h; path = MSPairOperator.h; sourceTree = "<group>"; };
		6725DA5D2BBAB7D000695EA1 /* MSPairOperator.m */ = {isa = PBXFileReference; fileEncoding = 4; lastKnownFileType = sourcecode.c.objc; path = MSPairOperator.m; sourceTree = "<group>"; };
		6725DA5E2BBAB7D000695EA1 /* MSValue.h */ = {isa = PBXFileReference; fileEncoding = 4; lastKnownFileType = sourcecode.c.h; path = MSValue.h; sourceTree = "<group>"; };
		6725DA5F2BBAB7D000695EA1 /* MSValue.m */ = {isa = PBXFileReference; fileEncoding = 4; lastKnownFileType = sourcecode.c.objc; path = MSValue.m; sourceTree = "<group>"; };
		6725DA602BBAB7D000695EA1 /* MSValueOperator.h */ = {isa = PBXFileReference; fileEncoding = 4; lastKnownFileType = sourcecode.c.h; path = MSValueOperator.h; sourceTree = "<group>"; };
		6725DA612BBAB7D000695EA1 /* MSValueOperator.m */ = {isa = PBXFileReference; fileEncoding = 4; lastKnownFileType = sourcecode.c.objc; path = MSValueOperator.m; sourceTree = "<group>"; };
		6725DA632BBAB7D000695EA1 /* MathStringExpression.h */ = {isa = PBXFileReference; fileEncoding = 4; lastKnownFileType = sourcecode.c.h; path = MathStringExpression.h; sourceTree = "<group>"; };
		6725DA742BBABE7C00695EA1 /* YLShareDeviceOuterModel.h */ = {isa = PBXFileReference; fileEncoding = 4; lastKnownFileType = sourcecode.c.h; path = YLShareDeviceOuterModel.h; sourceTree = "<group>"; };
		6725DA752BBABE7C00695EA1 /* YLShareDeviceOuterModel.m */ = {isa = PBXFileReference; fileEncoding = 4; lastKnownFileType = sourcecode.c.objc; path = YLShareDeviceOuterModel.m; sourceTree = "<group>"; };
		6725DA772BBAC2C000695EA1 /* YLDIYEditBoxListView.m */ = {isa = PBXFileReference; fileEncoding = 4; lastKnownFileType = sourcecode.c.objc; path = YLDIYEditBoxListView.m; sourceTree = "<group>"; };
		6725DA782BBAC2C000695EA1 /* YLDIYEditBoxListView.h */ = {isa = PBXFileReference; fileEncoding = 4; lastKnownFileType = sourcecode.c.h; path = YLDIYEditBoxListView.h; sourceTree = "<group>"; };
		6725DA7A2BBAC2F400695EA1 /* BaseView.h */ = {isa = PBXFileReference; fileEncoding = 4; lastKnownFileType = sourcecode.c.h; path = BaseView.h; sourceTree = "<group>"; };
		6725DA7B2BBAC2F400695EA1 /* BaseView.m */ = {isa = PBXFileReference; fileEncoding = 4; lastKnownFileType = sourcecode.c.objc; path = BaseView.m; sourceTree = "<group>"; };
		67261E8D2BB7ECB000433DD1 /* FYLHistoryModel.h */ = {isa = PBXFileReference; fileEncoding = 4; lastKnownFileType = sourcecode.c.h; path = FYLHistoryModel.h; sourceTree = "<group>"; };
		67261E8E2BB7ECB000433DD1 /* FYLHistoryModel.m */ = {isa = PBXFileReference; fileEncoding = 4; lastKnownFileType = sourcecode.c.objc; path = FYLHistoryModel.m; sourceTree = "<group>"; };
		67261E902BB8181F00433DD1 /* FYLHistoricalRecordNewCell.h */ = {isa = PBXFileReference; lastKnownFileType = sourcecode.c.h; path = FYLHistoricalRecordNewCell.h; sourceTree = "<group>"; };
		67261E912BB8181F00433DD1 /* FYLHistoricalRecordNewCell.m */ = {isa = PBXFileReference; lastKnownFileType = sourcecode.c.objc; path = FYLHistoricalRecordNewCell.m; sourceTree = "<group>"; };
		673041372BB426B100EF02AB /* Calculate+Health.m */ = {isa = PBXFileReference; fileEncoding = 4; lastKnownFileType = sourcecode.c.objc; path = "Calculate+Health.m"; sourceTree = "<group>"; };
		673041382BB426B200EF02AB /* Calculate+Health.h */ = {isa = PBXFileReference; fileEncoding = 4; lastKnownFileType = sourcecode.c.h; path = "Calculate+Health.h"; sourceTree = "<group>"; };
		6730413A2BB426D600EF02AB /* Stack.m */ = {isa = PBXFileReference; fileEncoding = 4; lastKnownFileType = sourcecode.c.objc; path = Stack.m; sourceTree = "<group>"; };
		6730413B2BB426D600EF02AB /* Calculate.m */ = {isa = PBXFileReference; fileEncoding = 4; lastKnownFileType = sourcecode.c.objc; path = Calculate.m; sourceTree = "<group>"; };
		6730413C2BB426D600EF02AB /* Stack.h */ = {isa = PBXFileReference; fileEncoding = 4; lastKnownFileType = sourcecode.c.h; path = Stack.h; sourceTree = "<group>"; };
		6730413D2BB426D600EF02AB /* Calculate.h */ = {isa = PBXFileReference; fileEncoding = 4; lastKnownFileType = sourcecode.c.h; path = Calculate.h; sourceTree = "<group>"; };
		673041402BB4274300EF02AB /* advancedCalculator.h */ = {isa = PBXFileReference; fileEncoding = 4; lastKnownFileType = sourcecode.c.h; path = advancedCalculator.h; sourceTree = "<group>"; };
		673041412BB4274300EF02AB /* advancedCalculator.m */ = {isa = PBXFileReference; fileEncoding = 4; lastKnownFileType = sourcecode.c.objc; path = advancedCalculator.m; sourceTree = "<group>"; };
		67850B612BAE824300A44336 /* FYLHistoricalRecordCell.h */ = {isa = PBXFileReference; fileEncoding = 4; lastKnownFileType = sourcecode.c.h; path = FYLHistoricalRecordCell.h; sourceTree = "<group>"; };
		67850B622BAE824300A44336 /* FYLHistoricalRecordCell.m */ = {isa = PBXFileReference; fileEncoding = 4; lastKnownFileType = sourcecode.c.objc; path = FYLHistoricalRecordCell.m; sourceTree = "<group>"; };
		67850B632BAE824300A44336 /* FYLHistoricalRecordCell.xib */ = {isa = PBXFileReference; fileEncoding = 4; lastKnownFileType = file.xib; path = FYLHistoricalRecordCell.xib; sourceTree = "<group>"; };
		67850B682BAE826B00A44336 /* YLUserToolManager.m */ = {isa = PBXFileReference; fileEncoding = 4; lastKnownFileType = sourcecode.c.objc; path = YLUserToolManager.m; sourceTree = "<group>"; };
		67850B692BAE826B00A44336 /* YLUserToolManager.h */ = {isa = PBXFileReference; fileEncoding = 4; lastKnownFileType = sourcecode.c.h; path = YLUserToolManager.h; sourceTree = "<group>"; };
		67850B6B2BAEA5ED00A44336 /* FYLRegularKeyboardView.h */ = {isa = PBXFileReference; lastKnownFileType = sourcecode.c.h; path = FYLRegularKeyboardView.h; sourceTree = "<group>"; };
		67850B6C2BAEA5ED00A44336 /* FYLRegularKeyboardView.m */ = {isa = PBXFileReference; lastKnownFileType = sourcecode.c.objc; path = FYLRegularKeyboardView.m; sourceTree = "<group>"; };
		67850B6E2BAEA5F800A44336 /* FYLRegularKeyboardView.xib */ = {isa = PBXFileReference; lastKnownFileType = file.xib; path = FYLRegularKeyboardView.xib; sourceTree = "<group>"; };
		67850B702BAEB3C300A44336 /* FYLVIPKeyboardView.xib */ = {isa = PBXFileReference; lastKnownFileType = file.xib; path = FYLVIPKeyboardView.xib; sourceTree = "<group>"; };
		67850B722BAEB3D500A44336 /* FYLVIPKeyboardView.h */ = {isa = PBXFileReference; lastKnownFileType = sourcecode.c.h; path = FYLVIPKeyboardView.h; sourceTree = "<group>"; };
		67850B732BAEB3D500A44336 /* FYLVIPKeyboardView.m */ = {isa = PBXFileReference; lastKnownFileType = sourcecode.c.objc; path = FYLVIPKeyboardView.m; sourceTree = "<group>"; };
		67DB32292BB2D27900D3AD80 /* click.wav */ = {isa = PBXFileReference; lastKnownFileType = audio.wav; path = click.wav; sourceTree = "<group>"; };
		67DB322A2BB2D27900D3AD80 /* click2.wav */ = {isa = PBXFileReference; lastKnownFileType = audio.wav; path = click2.wav; sourceTree = "<group>"; };
		67DB322B2BB2D27900D3AD80 /* click3.wav */ = {isa = PBXFileReference; lastKnownFileType = audio.wav; path = click3.wav; sourceTree = "<group>"; };
		67DB322C2BB2D27900D3AD80 /* click1.wav */ = {isa = PBXFileReference; lastKnownFileType = audio.wav; path = click1.wav; sourceTree = "<group>"; };
		907C02B7A81BF044A173DE4C /* Pods-CalculatorFYL.debug.xcconfig */ = {isa = PBXFileReference; includeInIndex = 1; lastKnownFileType = text.xcconfig; name = "Pods-CalculatorFYL.debug.xcconfig"; path = "Target Support Files/Pods-CalculatorFYL/Pods-CalculatorFYL.debug.xcconfig"; sourceTree = "<group>"; };
/* End PBXFileReference section */

/* Begin PBXFrameworksBuildPhase section */
		672468832BAC1A680088B0A3 /* Frameworks */ = {
			isa = PBXFrameworksBuildPhase;
			buildActionMask = 2147483647;
			files = (
				6CDC59FA4271E71A005BDB80 /* libPods-CalculatorFYL.a in Frameworks */,
			);
			runOnlyForDeploymentPostprocessing = 0;
		};
		6724689E2BAC1A6A0088B0A3 /* Frameworks */ = {
			isa = PBXFrameworksBuildPhase;
			buildActionMask = 2147483647;
			files = (
			);
			runOnlyForDeploymentPostprocessing = 0;
		};
		672468A82BAC1A6A0088B0A3 /* Frameworks */ = {
			isa = PBXFrameworksBuildPhase;
			buildActionMask = 2147483647;
			files = (
			);
			runOnlyForDeploymentPostprocessing = 0;
		};
/* End PBXFrameworksBuildPhase section */

/* Begin PBXGroup section */
		292CF8BF18038408F0470FB2 /* Pods */ = {
			isa = PBXGroup;
			children = (
				907C02B7A81BF044A173DE4C /* Pods-CalculatorFYL.debug.xcconfig */,
				34770DB41E8B5C45E20FA86F /* Pods-CalculatorFYL.release.xcconfig */,
			);
			path = Pods;
			sourceTree = "<group>";
		};
		3F207DDE5FE72421F9F6BD23 /* Frameworks */ = {
			isa = PBXGroup;
			children = (
				4E26AD402AEEF2CEEC4FD367 /* libPods-CalculatorFYL.a */,
			);
			name = Frameworks;
			sourceTree = "<group>";
		};
		6724687D2BAC1A680088B0A3 = {
			isa = PBXGroup;
			children = (
				672468882BAC1A680088B0A3 /* CalculatorFYL */,
				672468A42BAC1A6A0088B0A3 /* CalculatorFYLTests */,
				672468AE2BAC1A6A0088B0A3 /* CalculatorFYLUITests */,
				672468872BAC1A680088B0A3 /* Products */,
				292CF8BF18038408F0470FB2 /* Pods */,
				3F207DDE5FE72421F9F6BD23 /* Frameworks */,
			);
			sourceTree = "<group>";
		};
		672468872BAC1A680088B0A3 /* Products */ = {
			isa = PBXGroup;
			children = (
				672468862BAC1A680088B0A3 /* CalculatorFYL.app */,
				672468A12BAC1A6A0088B0A3 /* CalculatorFYLTests.xctest */,
				672468AB2BAC1A6A0088B0A3 /* CalculatorFYLUITests.xctest */,
			);
			name = Products;
			sourceTree = "<group>";
		};
		672468882BAC1A680088B0A3 /* CalculatorFYL */ = {
			isa = PBXGroup;
			children = (
				672468892BAC1A680088B0A3 /* AppDelegate.h */,
				6724688A2BAC1A680088B0A3 /* AppDelegate.m */,
				67246B202BAC1BFB0088B0A3 /* Utils */,
				672469442BAC1BEB0088B0A3 /* Public */,
				672469112BAC1BC80088B0A3 /* 3SDK */,
				672468D62BAC1B880088B0A3 /* Base */,
				67246C112BAC23170088B0A3 /* Classes */,
				6724688F2BAC1A680088B0A3 /* ViewController.h */,
				672468902BAC1A680088B0A3 /* ViewController.m */,
				672468922BAC1A680088B0A3 /* Main.storyboard */,
				672468952BAC1A6A0088B0A3 /* Assets.xcassets */,
				672468972BAC1A6A0088B0A3 /* LaunchScreen.storyboard */,
				6724689A2BAC1A6A0088B0A3 /* Info.plist */,
				6724689B2BAC1A6A0088B0A3 /* main.m */,
			);
			path = CalculatorFYL;
			sourceTree = "<group>";
		};
		672468A42BAC1A6A0088B0A3 /* CalculatorFYLTests */ = {
			isa = PBXGroup;
			children = (
				672468A52BAC1A6A0088B0A3 /* CalculatorFYLTests.m */,
			);
			path = CalculatorFYLTests;
			sourceTree = "<group>";
		};
		672468AE2BAC1A6A0088B0A3 /* CalculatorFYLUITests */ = {
			isa = PBXGroup;
			children = (
				672468AF2BAC1A6A0088B0A3 /* CalculatorFYLUITests.m */,
				672468B12BAC1A6A0088B0A3 /* CalculatorFYLUITestsLaunchTests.m */,
			);
			path = CalculatorFYLUITests;
			sourceTree = "<group>";
		};
		672468C02BAC1B880088B0A3 /* BaseModel */ = {
			isa = PBXGroup;
			children = (
				672468BE2BAC1B880088B0A3 /* BaseModel.h */,
				672468BF2BAC1B880088B0A3 /* BaseModel.m */,
			);
			path = BaseModel;
			sourceTree = "<group>";
		};
		672468C72BAC1B880088B0A3 /* BaseNavigation */ = {
			isa = PBXGroup;
			children = (
				672468C12BAC1B880088B0A3 /* BaseNavigationBar.h */,
				672468C22BAC1B880088B0A3 /* BaseNavigationBar.m */,
				672468C32BAC1B880088B0A3 /* NavigationBarHandler.h */,
				672468C42BAC1B880088B0A3 /* NavigationBarHandler.m */,
				672468C52BAC1B880088B0A3 /* YLNavigationViewController.h */,
				672468C62BAC1B880088B0A3 /* YLNavigationViewController.m */,
			);
			path = BaseNavigation;
			sourceTree = "<group>";
		};
		672468CE2BAC1B880088B0A3 /* TabbarViewController */ = {
			isa = PBXGroup;
			children = (
				672468C82BAC1B880088B0A3 /* YLTabbar_View.h */,
				672468C92BAC1B880088B0A3 /* YLTabbar_View.m */,
				672468CA2BAC1B880088B0A3 /* YLTabbarItem_View.h */,
				672468CB2BAC1B880088B0A3 /* YLTabbarItem_View.m */,
				672468CC2BAC1B880088B0A3 /* YLTabBarViewController.h */,
				672468CD2BAC1B880088B0A3 /* YLTabBarViewController.m */,
			);
			path = TabbarViewController;
			sourceTree = "<group>";
		};
		672468D32BAC1B880088B0A3 /* UserInfomation */ = {
			isa = PBXGroup;
			children = (
				67850B692BAE826B00A44336 /* YLUserToolManager.h */,
				67850B682BAE826B00A44336 /* YLUserToolManager.m */,
				672468D12BAC1B880088B0A3 /* ZJ_UserLoginInfomation.h */,
				672468D22BAC1B880088B0A3 /* ZJ_UserLoginInfomation.m */,
			);
			path = UserInfomation;
			sourceTree = "<group>";
		};
		672468D62BAC1B880088B0A3 /* Base */ = {
			isa = PBXGroup;
			children = (
				6725DA7C2BBAC2F400695EA1 /* BaseView */,
				672468C02BAC1B880088B0A3 /* BaseModel */,
				672468C72BAC1B880088B0A3 /* BaseNavigation */,
				672468CE2BAC1B880088B0A3 /* TabbarViewController */,
				672468D32BAC1B880088B0A3 /* UserInfomation */,
				672468D42BAC1B880088B0A3 /* BaseViewController.h */,
				672468D52BAC1B880088B0A3 /* BaseViewController.m */,
			);
			path = Base;
			sourceTree = "<group>";
		};
		672469072BAC1BC80088B0A3 /* mipmap-xxhdpi */ = {
			isa = PBXGroup;
			children = (
				672468E12BAC1BC80088B0A3 /* text_emoji_01.png */,
				672468E22BAC1BC80088B0A3 /* text_emoji_02.png */,
				672468E32BAC1BC80088B0A3 /* text_emoji_03.png */,
				672468E42BAC1BC80088B0A3 /* text_emoji_04.png */,
				672468E52BAC1BC80088B0A3 /* text_emoji_05.png */,
				672468E62BAC1BC80088B0A3 /* text_emoji_06.png */,
				672468E72BAC1BC80088B0A3 /* text_emoji_07.png */,
				672468E82BAC1BC80088B0A3 /* text_emoji_08.png */,
				672468E92BAC1BC80088B0A3 /* text_emoji_09.png */,
				672468EA2BAC1BC80088B0A3 /* text_emoji_10.png */,
				672468EB2BAC1BC80088B0A3 /* text_emoji_11.png */,
				672468EC2BAC1BC80088B0A3 /* text_emoji_12.png */,
				672468ED2BAC1BC80088B0A3 /* text_emoji_13.png */,
				672468EE2BAC1BC80088B0A3 /* text_emoji_14.png */,
				672468EF2BAC1BC80088B0A3 /* text_emoji_15.png */,
				672468F02BAC1BC80088B0A3 /* text_emoji_16.png */,
				672468F12BAC1BC80088B0A3 /* text_emoji_17.png */,
				672468F22BAC1BC80088B0A3 /* text_emoji_18.png */,
				672468F32BAC1BC80088B0A3 /* text_emoji_19.png */,
				672468F42BAC1BC80088B0A3 /* text_emoji_20.png */,
				672468F52BAC1BC80088B0A3 /* text_emoji_21.png */,
				672468F62BAC1BC80088B0A3 /* text_emoji_22.png */,
				672468F72BAC1BC80088B0A3 /* text_emoji_23.png */,
				672468F82BAC1BC80088B0A3 /* text_emoji_24.png */,
				672468F92BAC1BC80088B0A3 /* text_emoji_25.png */,
				672468FA2BAC1BC80088B0A3 /* text_emoji_26.png */,
				672468FB2BAC1BC80088B0A3 /* text_emoji_27.png */,
				672468FC2BAC1BC80088B0A3 /* text_emoji_28.png */,
				672468FD2BAC1BC80088B0A3 /* text_emoji_29.png */,
				672468FE2BAC1BC80088B0A3 /* text_emoji_30.png */,
				672468FF2BAC1BC80088B0A3 /* text_emoji_31.png */,
				672469002BAC1BC80088B0A3 /* text_emoji_32.png */,
				672469012BAC1BC80088B0A3 /* text_emoji_33.png */,
				672469022BAC1BC80088B0A3 /* text_emoji_34.png */,
				672469032BAC1BC80088B0A3 /* text_emoji_35.png */,
				672469042BAC1BC80088B0A3 /* text_emoji_36.png */,
				672469052BAC1BC80088B0A3 /* text_emoji_37.png */,
				672469062BAC1BC80088B0A3 /* text_emoji_38.png */,
			);
			path = "mipmap-xxhdpi";
			sourceTree = "<group>";
		};
		672469102BAC1BC80088B0A3 /* Font */ = {
			isa = PBXGroup;
			children = (
				672469072BAC1BC80088B0A3 /* mipmap-xxhdpi */,
				672469082BAC1BC80088B0A3 /* ark-pixel-12px-monospaced-latin.ttf */,
				672469092BAC1BC80088B0A3 /* WenQuanDianZhenZhengHei.ttf */,
				6724690A2BAC1BC80088B0A3 /* www6*3_red.bmp */,
				6724690B2BAC1BC80088B0A3 /* www6*3.bmp */,
				6724690C2BAC1BC80088B0A3 /* www6*4_red.bmp */,
				6724690D2BAC1BC80088B0A3 /* www6*4.bmp */,
				6724690E2BAC1BC80088B0A3 /* www6*6_red.bmp */,
				6724690F2BAC1BC80088B0A3 /* www6*6.bmp */,
			);
			path = Font;
			sourceTree = "<group>";
		};
		672469112BAC1BC80088B0A3 /* 3SDK */ = {
			isa = PBXGroup;
			children = (
				6725DA642BBAB7D000695EA1 /* MathStringExpression */,
				67DB32282BB2D25900D3AD80 /* music */,
				672469102BAC1BC80088B0A3 /* Font */,
			);
			path = 3SDK;
			sourceTree = "<group>";
		};
		672469442BAC1BEB0088B0A3 /* Public */ = {
			isa = PBXGroup;
			children = (
				672469402BAC1BEB0088B0A3 /* AppColorFontEtc.h */,
				672469412BAC1BEB0088B0A3 /* ConstantHeader.h */,
				672469422BAC1BEB0088B0A3 /* NetworkRequestAPI.h */,
				672469432BAC1BEB0088B0A3 /* PrefixHeader.pch */,
			);
			path = Public;
			sourceTree = "<group>";
		};
		67246B202BAC1BFB0088B0A3 /* Utils */ = {
			isa = PBXGroup;
			children = (
				67246D442BAC3F480088B0A3 /* BAWebViewController */,
				67246D392BAC3F0B0088B0A3 /* tapLabel */,
				67246D262BAC3CFD0088B0A3 /* ZZLabel */,
				67246D1C2BAC3C1F0088B0A3 /* YLCommonManagement */,
				67246CBE2BAC3BBE0088B0A3 /* NetworkRequest */,
				67246C582BAC3B480088B0A3 /* PublicHelpers */,
				67246C532BAC3B0F0088B0A3 /* MBProgressHUD */,
			);
			path = Utils;
			sourceTree = "<group>";
		};
		67246C112BAC23170088B0A3 /* Classes */ = {
			isa = PBXGroup;
			children = (
				67246C362BAC25D70088B0A3 /* My */,
				67246C322BAC258E0088B0A3 /* Home */,
			);
			path = Classes;
			sourceTree = "<group>";
		};
		67246C322BAC258E0088B0A3 /* Home */ = {
			isa = PBXGroup;
			children = (
				673041362BB426A700EF02AB /* Model */,
				67850B672BAE824C00A44336 /* View */,
				67850B642BAE824300A44336 /* Cell */,
				67246C332BAC25AC0088B0A3 /* YLHomeViewController.h */,
				67246C342BAC25AC0088B0A3 /* YLHomeViewController.m */,
			);
			path = Home;
			sourceTree = "<group>";
		};
		67246C362BAC25D70088B0A3 /* My */ = {
			isa = PBXGroup;
			children = (
				67246C472BAC394A0088B0A3 /* SetViewController */,
				67246C372BAC25ED0088B0A3 /* YLMyViewController.h */,
				67246C382BAC25ED0088B0A3 /* YLMyViewController.m */,
			);
			path = My;
			sourceTree = "<group>";
		};
		67246C472BAC394A0088B0A3 /* SetViewController */ = {
			isa = PBXGroup;
			children = (
				67246C482BAC396C0088B0A3 /* YLMySetViewController.h */,
				67246C492BAC396C0088B0A3 /* YLMySetViewController.m */,
			);
			path = SetViewController;
			sourceTree = "<group>";
		};
		67246C532BAC3B0F0088B0A3 /* MBProgressHUD */ = {
			isa = PBXGroup;
			children = (
				67246C4F2BAC3B0F0088B0A3 /* LoadingStyleManager.h */,
				67246C502BAC3B0F0088B0A3 /* LoadingStyleManager.m */,
				67246C512BAC3B0F0088B0A3 /* MBProgressHUD+XBLoading.h */,
				67246C522BAC3B0F0088B0A3 /* MBProgressHUD+XBLoading.m */,
			);
			path = MBProgressHUD;
			sourceTree = "<group>";
		};
		67246C582BAC3B480088B0A3 /* PublicHelpers */ = {
			isa = PBXGroup;
			children = (
				67246C562BAC3B480088B0A3 /* PublicHelpers.h */,
				67246C572BAC3B480088B0A3 /* PublicHelpers.m */,
			);
			path = PublicHelpers;
			sourceTree = "<group>";
		};
		67246CBE2BAC3BBE0088B0A3 /* NetworkRequest */ = {
			isa = PBXGroup;
			children = (
				67246CBC2BAC3BBE0088B0A3 /* YXHTTPRequst.h */,
				67246CBD2BAC3BBE0088B0A3 /* YXHTTPRequst.m */,
			);
			path = NetworkRequest;
			sourceTree = "<group>";
		};
		67246D1C2BAC3C1F0088B0A3 /* YLCommonManagement */ = {
			isa = PBXGroup;
			children = (
				67246D2C2BAC3DAC0088B0A3 /* ToolManagement.h */,
				67246D2B2BAC3DAC0088B0A3 /* ToolManagement.m */,
				67246D282BAC3D4B0088B0A3 /* ZZAlertViewTools.h */,
				67246D292BAC3D4B0088B0A3 /* ZZAlertViewTools.m */,
				67246D1F2BAC3C760088B0A3 /* SHMEmojiMethod.h */,
				67246D1E2BAC3C760088B0A3 /* SHMEmojiMethod.m */,
				67246D212BAC3C760088B0A3 /* UITextField+LimitLength.h */,
				67246D202BAC3C760088B0A3 /* UITextField+LimitLength.m */,
				67246D1A2BAC3C1F0088B0A3 /* CommonManagement.h */,
				67246D1B2BAC3C1F0088B0A3 /* CommonManagement.m */,
			);
			path = YLCommonManagement;
			sourceTree = "<group>";
		};
		67246D262BAC3CFD0088B0A3 /* ZZLabel */ = {
			isa = PBXGroup;
			children = (
				67246D242BAC3CFD0088B0A3 /* ZZLabel.h */,
				67246D252BAC3CFD0088B0A3 /* ZZLabel.m */,
			);
			path = ZZLabel;
			sourceTree = "<group>";
		};
		67246D302BAC3F0B0088B0A3 /* NSMutableAttributedString */ = {
			isa = PBXGroup;
			children = (
				67246D2E2BAC3F0B0088B0A3 /* NSMutableAttributedString+WY_Extension.h */,
				67246D2F2BAC3F0B0088B0A3 /* NSMutableAttributedString+WY_Extension.m */,
			);
			path = NSMutableAttributedString;
			sourceTree = "<group>";
		};
		67246D332BAC3F0B0088B0A3 /* NSMutableParagraphStyle */ = {
			isa = PBXGroup;
			children = (
				67246D312BAC3F0B0088B0A3 /* NSMutableParagraphStyle+WY_Extension.h */,
				67246D322BAC3F0B0088B0A3 /* NSMutableParagraphStyle+WY_Extension.m */,
			);
			path = NSMutableParagraphStyle;
			sourceTree = "<group>";
		};
		67246D382BAC3F0B0088B0A3 /* UILabel */ = {
			isa = PBXGroup;
			children = (
				67246D342BAC3F0B0088B0A3 /* UILabel+WY_Extension.h */,
				67246D352BAC3F0B0088B0A3 /* UILabel+WY_Extension.m */,
				67246D362BAC3F0B0088B0A3 /* UILabel+WY_RichText.h */,
				67246D372BAC3F0B0088B0A3 /* UILabel+WY_RichText.m */,
			);
			path = UILabel;
			sourceTree = "<group>";
		};
		67246D392BAC3F0B0088B0A3 /* tapLabel */ = {
			isa = PBXGroup;
			children = (
				67246D302BAC3F0B0088B0A3 /* NSMutableAttributedString */,
				67246D332BAC3F0B0088B0A3 /* NSMutableParagraphStyle */,
				67246D382BAC3F0B0088B0A3 /* UILabel */,
			);
			path = tapLabel;
			sourceTree = "<group>";
		};
		67246D442BAC3F480088B0A3 /* BAWebViewController */ = {
			isa = PBXGroup;
			children = (
				67246D422BAC3F480088B0A3 /* YLWKViewController.h */,
				67246D432BAC3F480088B0A3 /* YLWKViewController.m */,
			);
			path = BAWebViewController;
			sourceTree = "<group>";
		};
		6725DA4C2BBAB7D000695EA1 /* ExpressionParser */ = {
			isa = PBXGroup;
			children = (
				6725DA422BBAB7D000695EA1 /* MSElementTable.h */,
				6725DA432BBAB7D000695EA1 /* MSElementTable.m */,
				6725DA442BBAB7D000695EA1 /* MSParser.h */,
				6725DA452BBAB7D000695EA1 /* MSParser.m */,
				6725DA462BBAB7D000695EA1 /* MSScaner.h */,
				6725DA472BBAB7D000695EA1 /* MSScaner.m */,
				6725DA482BBAB7D000695EA1 /* MSStack.h */,
				6725DA492BBAB7D000695EA1 /* MSStack.m */,
				6725DA4A2BBAB7D000695EA1 /* NSError+MSExpression.h */,
				6725DA4B2BBAB7D000695EA1 /* NSError+MSExpression.m */,
			);
			path = ExpressionParser;
			sourceTree = "<group>";
		};
		6725DA4F2BBAB7D000695EA1 /* Helper */ = {
			isa = PBXGroup;
			children = (
				6725DA4D2BBAB7D000695EA1 /* MSExpressionHelper.h */,
				6725DA4E2BBAB7D000695EA1 /* MSExpressionHelper.m */,
			);
			path = Helper;
			sourceTree = "<group>";
		};
		6725DA622BBAB7D000695EA1 /* Operator */ = {
			isa = PBXGroup;
			children = (
				6725DA502BBAB7D000695EA1 /* MSConstant.h */,
				6725DA512BBAB7D000695EA1 /* MSConstant.m */,
				6725DA522BBAB7D000695EA1 /* MSElement.h */,
				6725DA532BBAB7D000695EA1 /* MSElement.m */,
				6725DA542BBAB7D000695EA1 /* MSFunctionOperator.h */,
				6725DA552BBAB7D000695EA1 /* MSFunctionOperator.m */,
				6725DA562BBAB7D000695EA1 /* MSNumber.h */,
				6725DA572BBAB7D000695EA1 /* MSNumber.m */,
				6725DA582BBAB7D000695EA1 /* MSNumberGroup.h */,
				6725DA592BBAB7D000695EA1 /* MSNumberGroup.m */,
				6725DA5A2BBAB7D000695EA1 /* MSOperator.h */,
				6725DA5B2BBAB7D000695EA1 /* MSOperator.m */,
				6725DA5C2BBAB7D000695EA1 /* MSPairOperator.h */,
				6725DA5D2BBAB7D000695EA1 /* MSPairOperator.m */,
				6725DA5E2BBAB7D000695EA1 /* MSValue.h */,
				6725DA5F2BBAB7D000695EA1 /* MSValue.m */,
				6725DA602BBAB7D000695EA1 /* MSValueOperator.h */,
				6725DA612BBAB7D000695EA1 /* MSValueOperator.m */,
			);
			path = Operator;
			sourceTree = "<group>";
		};
		6725DA642BBAB7D000695EA1 /* MathStringExpression */ = {
			isa = PBXGroup;
			children = (
				6725DA4C2BBAB7D000695EA1 /* ExpressionParser */,
				6725DA4F2BBAB7D000695EA1 /* Helper */,
				6725DA622BBAB7D000695EA1 /* Operator */,
				6725DA632BBAB7D000695EA1 /* MathStringExpression.h */,
			);
			path = MathStringExpression;
			sourceTree = "<group>";
		};
		6725DA7C2BBAC2F400695EA1 /* BaseView */ = {
			isa = PBXGroup;
			children = (
				6725DA7A2BBAC2F400695EA1 /* BaseView.h */,
				6725DA7B2BBAC2F400695EA1 /* BaseView.m */,
			);
			path = BaseView;
			sourceTree = "<group>";
		};
		673041362BB426A700EF02AB /* Model */ = {
			isa = PBXGroup;
			children = (
				6725DA742BBABE7C00695EA1 /* YLShareDeviceOuterModel.h */,
				6725DA752BBABE7C00695EA1 /* YLShareDeviceOuterModel.m */,
				67261E8D2BB7ECB000433DD1 /* FYLHistoryModel.h */,
				67261E8E2BB7ECB000433DD1 /* FYLHistoryModel.m */,
				673041402BB4274300EF02AB /* advancedCalculator.h */,
				673041412BB4274300EF02AB /* advancedCalculator.m */,
				6730413D2BB426D600EF02AB /* Calculate.h */,
				6730413B2BB426D600EF02AB /* Calculate.m */,
				6730413C2BB426D600EF02AB /* Stack.h */,
				6730413A2BB426D600EF02AB /* Stack.m */,
				673041382BB426B200EF02AB /* Calculate+Health.h */,
				673041372BB426B100EF02AB /* Calculate+Health.m */,
			);
			path = Model;
			sourceTree = "<group>";
		};
		67850B642BAE824300A44336 /* Cell */ = {
			isa = PBXGroup;
			children = (
				67850B612BAE824300A44336 /* FYLHistoricalRecordCell.h */,
				67850B622BAE824300A44336 /* FYLHistoricalRecordCell.m */,
				67850B632BAE824300A44336 /* FYLHistoricalRecordCell.xib */,
				67261E902BB8181F00433DD1 /* FYLHistoricalRecordNewCell.h */,
				67261E912BB8181F00433DD1 /* FYLHistoricalRecordNewCell.m */,
			);
			path = Cell;
			sourceTree = "<group>";
		};
		67850B672BAE824C00A44336 /* View */ = {
			isa = PBXGroup;
			children = (
				6725DA782BBAC2C000695EA1 /* YLDIYEditBoxListView.h */,
				6725DA772BBAC2C000695EA1 /* YLDIYEditBoxListView.m */,
				67850B6B2BAEA5ED00A44336 /* FYLRegularKeyboardView.h */,
				67850B6C2BAEA5ED00A44336 /* FYLRegularKeyboardView.m */,
				67850B6E2BAEA5F800A44336 /* FYLRegularKeyboardView.xib */,
				67850B722BAEB3D500A44336 /* FYLVIPKeyboardView.h */,
				67850B732BAEB3D500A44336 /* FYLVIPKeyboardView.m */,
				67850B702BAEB3C300A44336 /* FYLVIPKeyboardView.xib */,
			);
			path = View;
			sourceTree = "<group>";
		};
		67DB32282BB2D25900D3AD80 /* music */ = {
			isa = PBXGroup;
			children = (
				67DB32292BB2D27900D3AD80 /* click.wav */,
				67DB322C2BB2D27900D3AD80 /* click1.wav */,
				67DB322A2BB2D27900D3AD80 /* click2.wav */,
				67DB322B2BB2D27900D3AD80 /* click3.wav */,
			);
			path = music;
			sourceTree = "<group>";
		};
/* End PBXGroup section */

/* Begin PBXNativeTarget section */
		672468852BAC1A680088B0A3 /* CalculatorFYL */ = {
			isa = PBXNativeTarget;
			buildConfigurationList = 672468B52BAC1A6A0088B0A3 /* Build configuration list for PBXNativeTarget "CalculatorFYL" */;
			buildPhases = (
				632647C0416A976E7E0E6726 /* [CP] Check Pods Manifest.lock */,
				672468822BAC1A680088B0A3 /* Sources */,
				672468832BAC1A680088B0A3 /* Frameworks */,
				672468842BAC1A680088B0A3 /* Resources */,
				86817E679D980CCE280438A0 /* [CP] Copy Pods Resources */,
			);
			buildRules = (
			);
			dependencies = (
			);
			name = CalculatorFYL;
			productName = CalculatorFYL;
			productReference = 672468862BAC1A680088B0A3 /* CalculatorFYL.app */;
			productType = "com.apple.product-type.application";
		};
		672468A02BAC1A6A0088B0A3 /* CalculatorFYLTests */ = {
			isa = PBXNativeTarget;
			buildConfigurationList = 672468B82BAC1A6A0088B0A3 /* Build configuration list for PBXNativeTarget "CalculatorFYLTests" */;
			buildPhases = (
				6724689D2BAC1A6A0088B0A3 /* Sources */,
				6724689E2BAC1A6A0088B0A3 /* Frameworks */,
				6724689F2BAC1A6A0088B0A3 /* Resources */,
			);
			buildRules = (
			);
			dependencies = (
				672468A32BAC1A6A0088B0A3 /* PBXTargetDependency */,
			);
			name = CalculatorFYLTests;
			productName = CalculatorFYLTests;
			productReference = 672468A12BAC1A6A0088B0A3 /* CalculatorFYLTests.xctest */;
			productType = "com.apple.product-type.bundle.unit-test";
		};
		672468AA2BAC1A6A0088B0A3 /* CalculatorFYLUITests */ = {
			isa = PBXNativeTarget;
			buildConfigurationList = 672468BB2BAC1A6A0088B0A3 /* Build configuration list for PBXNativeTarget "CalculatorFYLUITests" */;
			buildPhases = (
				672468A72BAC1A6A0088B0A3 /* Sources */,
				672468A82BAC1A6A0088B0A3 /* Frameworks */,
				672468A92BAC1A6A0088B0A3 /* Resources */,
			);
			buildRules = (
			);
			dependencies = (
				672468AD2BAC1A6A0088B0A3 /* PBXTargetDependency */,
			);
			name = CalculatorFYLUITests;
			productName = CalculatorFYLUITests;
			productReference = 672468AB2BAC1A6A0088B0A3 /* CalculatorFYLUITests.xctest */;
			productType = "com.apple.product-type.bundle.ui-testing";
		};
/* End PBXNativeTarget section */

/* Begin PBXProject section */
		6724687E2BAC1A680088B0A3 /* Project object */ = {
			isa = PBXProject;
			attributes = {
				BuildIndependentTargetsInParallel = 1;
				LastUpgradeCheck = 1530;
				TargetAttributes = {
					672468852BAC1A680088B0A3 = {
						CreatedOnToolsVersion = 15.3;
					};
					672468A02BAC1A6A0088B0A3 = {
						CreatedOnToolsVersion = 15.3;
						TestTargetID = 672468852BAC1A680088B0A3;
					};
					672468AA2BAC1A6A0088B0A3 = {
						CreatedOnToolsVersion = 15.3;
						TestTargetID = 672468852BAC1A680088B0A3;
					};
				};
			};
			buildConfigurationList = 672468812BAC1A680088B0A3 /* Build configuration list for PBXProject "CalculatorFYL" */;
			compatibilityVersion = "Xcode 14.0";
			developmentRegion = en;
			hasScannedForEncodings = 0;
			knownRegions = (
				en,
				Base,
			);
			mainGroup = 6724687D2BAC1A680088B0A3;
			productRefGroup = 672468872BAC1A680088B0A3 /* Products */;
			projectDirPath = "";
			projectRoot = "";
			targets = (
				672468852BAC1A680088B0A3 /* CalculatorFYL */,
				672468A02BAC1A6A0088B0A3 /* CalculatorFYLTests */,
				672468AA2BAC1A6A0088B0A3 /* CalculatorFYLUITests */,
			);
		};
/* End PBXProject section */

/* Begin PBXResourcesBuildPhase section */
		672468842BAC1A680088B0A3 /* Resources */ = {
			isa = PBXResourcesBuildPhase;
			buildActionMask = 2147483647;
			files = (
				6724691A2BAC1BC80088B0A3 /* text_emoji_09.png in Resources */,
				672469192BAC1BC80088B0A3 /* text_emoji_08.png in Resources */,
				672469162BAC1BC80088B0A3 /* text_emoji_05.png in Resources */,
				672469292BAC1BC80088B0A3 /* text_emoji_24.png in Resources */,
				672469242BAC1BC80088B0A3 /* text_emoji_19.png in Resources */,
				672469382BAC1BC80088B0A3 /* ark-pixel-12px-monospaced-latin.ttf in Resources */,
				6724693D2BAC1BC80088B0A3 /* www6*4.bmp in Resources */,
				672469302BAC1BC80088B0A3 /* text_emoji_31.png in Resources */,
				67850B712BAEB3C300A44336 /* FYLVIPKeyboardView.xib in Resources */,
				67DB322F2BB2D27900D3AD80 /* click3.wav in Resources */,
				672469232BAC1BC80088B0A3 /* text_emoji_18.png in Resources */,
				6724692E2BAC1BC80088B0A3 /* text_emoji_29.png in Resources */,
				672469252BAC1BC80088B0A3 /* text_emoji_20.png in Resources */,
				672469262BAC1BC80088B0A3 /* text_emoji_21.png in Resources */,
				6724692F2BAC1BC80088B0A3 /* text_emoji_30.png in Resources */,
				6724693F2BAC1BC80088B0A3 /* www6*6.bmp in Resources */,
				672469272BAC1BC80088B0A3 /* text_emoji_22.png in Resources */,
				672469352BAC1BC80088B0A3 /* text_emoji_36.png in Resources */,
				6724691F2BAC1BC80088B0A3 /* text_emoji_14.png in Resources */,
				6724691C2BAC1BC80088B0A3 /* text_emoji_11.png in Resources */,
				67DB322D2BB2D27900D3AD80 /* click.wav in Resources */,
				672469142BAC1BC80088B0A3 /* text_emoji_03.png in Resources */,
				6724693A2BAC1BC80088B0A3 /* www6*3_red.bmp in Resources */,
				6724692C2BAC1BC80088B0A3 /* text_emoji_27.png in Resources */,
				67850B6F2BAEA5F800A44336 /* FYLRegularKeyboardView.xib in Resources */,
				672469372BAC1BC80088B0A3 /* text_emoji_38.png in Resources */,
				67DB322E2BB2D27900D3AD80 /* click2.wav in Resources */,
				672469212BAC1BC80088B0A3 /* text_emoji_16.png in Resources */,
				6724692B2BAC1BC80088B0A3 /* text_emoji_26.png in Resources */,
				6724693C2BAC1BC80088B0A3 /* www6*4_red.bmp in Resources */,
				672469222BAC1BC80088B0A3 /* text_emoji_17.png in Resources */,
				6724693B2BAC1BC80088B0A3 /* www6*3.bmp in Resources */,
				67850B662BAE824300A44336 /* FYLHistoricalRecordCell.xib in Resources */,
				6724692A2BAC1BC80088B0A3 /* text_emoji_25.png in Resources */,
				672469182BAC1BC80088B0A3 /* text_emoji_07.png in Resources */,
				672469122BAC1BC80088B0A3 /* text_emoji_01.png in Resources */,
				672468962BAC1A6A0088B0A3 /* Assets.xcassets in Resources */,
				672469202BAC1BC80088B0A3 /* text_emoji_15.png in Resources */,
				6724692D2BAC1BC80088B0A3 /* text_emoji_28.png in Resources */,
				6724693E2BAC1BC80088B0A3 /* www6*6_red.bmp in Resources */,
				672469332BAC1BC80088B0A3 /* text_emoji_34.png in Resources */,
				672469392BAC1BC80088B0A3 /* WenQuanDianZhenZhengHei.ttf in Resources */,
				672469132BAC1BC80088B0A3 /* text_emoji_02.png in Resources */,
				672469282BAC1BC80088B0A3 /* text_emoji_23.png in Resources */,
				672468992BAC1A6A0088B0A3 /* Base in Resources */,
				672469172BAC1BC80088B0A3 /* text_emoji_06.png in Resources */,
				67DB32302BB2D27900D3AD80 /* click1.wav in Resources */,
				672468942BAC1A680088B0A3 /* Base in Resources */,
				6724691D2BAC1BC80088B0A3 /* text_emoji_12.png in Resources */,
				6724691B2BAC1BC80088B0A3 /* text_emoji_10.png in Resources */,
				672469312BAC1BC80088B0A3 /* text_emoji_32.png in Resources */,
				672469322BAC1BC80088B0A3 /* text_emoji_33.png in Resources */,
				672469342BAC1BC80088B0A3 /* text_emoji_35.png in Resources */,
				672469362BAC1BC80088B0A3 /* text_emoji_37.png in Resources */,
				672469152BAC1BC80088B0A3 /* text_emoji_04.png in Resources */,
				6724691E2BAC1BC80088B0A3 /* text_emoji_13.png in Resources */,
			);
			runOnlyForDeploymentPostprocessing = 0;
		};
		6724689F2BAC1A6A0088B0A3 /* Resources */ = {
			isa = PBXResourcesBuildPhase;
			buildActionMask = 2147483647;
			files = (
			);
			runOnlyForDeploymentPostprocessing = 0;
		};
		672468A92BAC1A6A0088B0A3 /* Resources */ = {
			isa = PBXResourcesBuildPhase;
			buildActionMask = 2147483647;
			files = (
			);
			runOnlyForDeploymentPostprocessing = 0;
		};
/* End PBXResourcesBuildPhase section */

/* Begin PBXShellScriptBuildPhase section */
		632647C0416A976E7E0E6726 /* [CP] Check Pods Manifest.lock */ = {
			isa = PBXShellScriptBuildPhase;
			buildActionMask = 2147483647;
			files = (
			);
			inputFileListPaths = (
			);
			inputPaths = (
				"${PODS_PODFILE_DIR_PATH}/Podfile.lock",
				"${PODS_ROOT}/Manifest.lock",
			);
			name = "[CP] Check Pods Manifest.lock";
			outputFileListPaths = (
			);
			outputPaths = (
				"$(DERIVED_FILE_DIR)/Pods-CalculatorFYL-checkManifestLockResult.txt",
			);
			runOnlyForDeploymentPostprocessing = 0;
			shellPath = /bin/sh;
			shellScript = "diff \"${PODS_PODFILE_DIR_PATH}/Podfile.lock\" \"${PODS_ROOT}/Manifest.lock\" > /dev/null\nif [ $? != 0 ] ; then\n    # print error to STDERR\n    echo \"error: The sandbox is not in sync with the Podfile.lock. Run 'pod install' or update your CocoaPods installation.\" >&2\n    exit 1\nfi\n# This output is used by Xcode 'outputs' to avoid re-running this script phase.\necho \"SUCCESS\" > \"${SCRIPT_OUTPUT_FILE_0}\"\n";
			showEnvVarsInLog = 0;
		};
		86817E679D980CCE280438A0 /* [CP] Copy Pods Resources */ = {
			isa = PBXShellScriptBuildPhase;
			buildActionMask = 2147483647;
			files = (
			);
			inputFileListPaths = (
				"${PODS_ROOT}/Target Support Files/Pods-CalculatorFYL/Pods-CalculatorFYL-resources-${CONFIGURATION}-input-files.xcfilelist",
			);
			name = "[CP] Copy Pods Resources";
			outputFileListPaths = (
				"${PODS_ROOT}/Target Support Files/Pods-CalculatorFYL/Pods-CalculatorFYL-resources-${CONFIGURATION}-output-files.xcfilelist",
			);
			runOnlyForDeploymentPostprocessing = 0;
			shellPath = /bin/sh;
			shellScript = "\"${PODS_ROOT}/Target Support Files/Pods-CalculatorFYL/Pods-CalculatorFYL-resources.sh\"\n";
			showEnvVarsInLog = 0;
		};
/* End PBXShellScriptBuildPhase section */

/* Begin PBXSourcesBuildPhase section */
		672468822BAC1A680088B0A3 /* Sources */ = {
			isa = PBXSourcesBuildPhase;
			buildActionMask = 2147483647;
			files = (
				67246D3C2BAC3F0B0088B0A3 /* UILabel+WY_Extension.m in Sources */,
				67246C552BAC3B0F0088B0A3 /* MBProgressHUD+XBLoading.m in Sources */,
				67246D232BAC3C760088B0A3 /* UITextField+LimitLength.m in Sources */,
				6730413E2BB426D600EF02AB /* Stack.m in Sources */,
				67850B6A2BAE826B00A44336 /* YLUserToolManager.m in Sources */,
				67246D472BAC3F480088B0A3 /* YLWKViewController.m in Sources */,
				6725DA732BBAB7D000695EA1 /* MSValueOperator.m in Sources */,
				672468912BAC1A680088B0A3 /* ViewController.m in Sources */,
				672468DF2BAC1B880088B0A3 /* ZJ_UserLoginInfomation.m in Sources */,
				6724688B2BAC1A680088B0A3 /* AppDelegate.m in Sources */,
				6725DA6E2BBAB7D000695EA1 /* MSNumber.m in Sources */,
				6725DA712BBAB7D000695EA1 /* MSPairOperator.m in Sources */,
				672468D72BAC1B880088B0A3 /* BaseModel.m in Sources */,
				67246C592BAC3B480088B0A3 /* PublicHelpers.m in Sources */,
				6725DA652BBAB7D000695EA1 /* MSElementTable.m in Sources */,
				67850B6D2BAEA5ED00A44336 /* FYLRegularKeyboardView.m in Sources */,
				67246D1D2BAC3C1F0088B0A3 /* CommonManagement.m in Sources */,
				673041422BB4274300EF02AB /* advancedCalculator.m in Sources */,
				67261E922BB8181F00433DD1 /* FYLHistoricalRecordNewCell.m in Sources */,
				6725DA6C2BBAB7D000695EA1 /* MSElement.m in Sources */,
				67246D3D2BAC3F0B0088B0A3 /* UILabel+WY_RichText.m in Sources */,
				67246C4A2BAC396C0088B0A3 /* YLMySetViewController.m in Sources */,
				672468DA2BAC1B880088B0A3 /* YLNavigationViewController.m in Sources */,
				672468DC2BAC1B880088B0A3 /* YLTabbarItem_View.m in Sources */,
				67246D272BAC3CFE0088B0A3 /* ZZLabel.m in Sources */,
				6724689C2BAC1A6A0088B0A3 /* main.m in Sources */,
				6725DA6F2BBAB7D000695EA1 /* MSNumberGroup.m in Sources */,
				67850B652BAE824300A44336 /* FYLHistoricalRecordCell.m in Sources */,
				6725DA7D2BBAC2F400695EA1 /* BaseView.m in Sources */,
				67246C542BAC3B0F0088B0A3 /* LoadingStyleManager.m in Sources */,
				6725DA792BBAC2C000695EA1 /* YLDIYEditBoxListView.m in Sources */,
				67246D3A2BAC3F0B0088B0A3 /* NSMutableAttributedString+WY_Extension.m in Sources */,
				6725DA6D2BBAB7D000695EA1 /* MSFunctionOperator.m in Sources */,
				673041392BB426B200EF02AB /* Calculate+Health.m in Sources */,
				67246C392BAC25ED0088B0A3 /* YLMyViewController.m in Sources */,
				6725DA692BBAB7D000695EA1 /* NSError+MSExpression.m in Sources */,
				6730413F2BB426D600EF02AB /* Calculate.m in Sources */,
				6725DA6A2BBAB7D000695EA1 /* MSExpressionHelper.m in Sources */,
				6725DA762BBABE7C00695EA1 /* YLShareDeviceOuterModel.m in Sources */,
				67246D192BAC3BBE0088B0A3 /* YXHTTPRequst.m in Sources */,
				6725DA672BBAB7D000695EA1 /* MSScaner.m in Sources */,
				67246D222BAC3C760088B0A3 /* SHMEmojiMethod.m in Sources */,
				67261E8F2BB7ECB000433DD1 /* FYLHistoryModel.m in Sources */,
				67246D3B2BAC3F0B0088B0A3 /* NSMutableParagraphStyle+WY_Extension.m in Sources */,
				67850B742BAEB3D500A44336 /* FYLVIPKeyboardView.m in Sources */,
				672468DB2BAC1B880088B0A3 /* YLTabbar_View.m in Sources */,
				67246D2D2BAC3DAC0088B0A3 /* ToolManagement.m in Sources */,
				6725DA702BBAB7D000695EA1 /* MSOperator.m in Sources */,
				6725DA682BBAB7D000695EA1 /* MSStack.m in Sources */,
				6725DA662BBAB7D000695EA1 /* MSParser.m in Sources */,
				6725DA6B2BBAB7D000695EA1 /* MSConstant.m in Sources */,
				67246C352BAC25AC0088B0A3 /* YLHomeViewController.m in Sources */,
				6725DA722BBAB7D000695EA1 /* MSValue.m in Sources */,
				672468E02BAC1B880088B0A3 /* BaseViewController.m in Sources */,
				672468DD2BAC1B880088B0A3 /* YLTabBarViewController.m in Sources */,
				672468D92BAC1B880088B0A3 /* NavigationBarHandler.m in Sources */,
				672468D82BAC1B880088B0A3 /* BaseNavigationBar.m in Sources */,
				67246D2A2BAC3D4B0088B0A3 /* ZZAlertViewTools.m in Sources */,
			);
			runOnlyForDeploymentPostprocessing = 0;
		};
		6724689D2BAC1A6A0088B0A3 /* Sources */ = {
			isa = PBXSourcesBuildPhase;
			buildActionMask = 2147483647;
			files = (
				672468A62BAC1A6A0088B0A3 /* CalculatorFYLTests.m in Sources */,
			);
			runOnlyForDeploymentPostprocessing = 0;
		};
		672468A72BAC1A6A0088B0A3 /* Sources */ = {
			isa = PBXSourcesBuildPhase;
			buildActionMask = 2147483647;
			files = (
				672468B22BAC1A6A0088B0A3 /* CalculatorFYLUITestsLaunchTests.m in Sources */,
				672468B02BAC1A6A0088B0A3 /* CalculatorFYLUITests.m in Sources */,
			);
			runOnlyForDeploymentPostprocessing = 0;
		};
/* End PBXSourcesBuildPhase section */

/* Begin PBXTargetDependency section */
		672468A32BAC1A6A0088B0A3 /* PBXTargetDependency */ = {
			isa = PBXTargetDependency;
			target = 672468852BAC1A680088B0A3 /* CalculatorFYL */;
			targetProxy = 672468A22BAC1A6A0088B0A3 /* PBXContainerItemProxy */;
		};
		672468AD2BAC1A6A0088B0A3 /* PBXTargetDependency */ = {
			isa = PBXTargetDependency;
			target = 672468852BAC1A680088B0A3 /* CalculatorFYL */;
			targetProxy = 672468AC2BAC1A6A0088B0A3 /* PBXContainerItemProxy */;
		};
/* End PBXTargetDependency section */

/* Begin PBXVariantGroup section */
		672468922BAC1A680088B0A3 /* Main.storyboard */ = {
			isa = PBXVariantGroup;
			children = (
				672468932BAC1A680088B0A3 /* Base */,
			);
			name = Main.storyboard;
			sourceTree = "<group>";
		};
		672468972BAC1A6A0088B0A3 /* LaunchScreen.storyboard */ = {
			isa = PBXVariantGroup;
			children = (
				672468982BAC1A6A0088B0A3 /* Base */,
			);
			name = LaunchScreen.storyboard;
			sourceTree = "<group>";
		};
/* End PBXVariantGroup section */

/* Begin XCBuildConfiguration section */
		672468B32BAC1A6A0088B0A3 /* Debug */ = {
			isa = XCBuildConfiguration;
			buildSettings = {
				ALWAYS_SEARCH_USER_PATHS = NO;
				ASSETCATALOG_COMPILER_GENERATE_SWIFT_ASSET_SYMBOL_EXTENSIONS = YES;
				CLANG_ANALYZER_NONNULL = YES;
				CLANG_ANALYZER_NUMBER_OBJECT_CONVERSION = YES_AGGRESSIVE;
				CLANG_CXX_LANGUAGE_STANDARD = "gnu++20";
				CLANG_ENABLE_MODULES = YES;
				CLANG_ENABLE_OBJC_ARC = YES;
				CLANG_ENABLE_OBJC_WEAK = YES;
				CLANG_WARN_BLOCK_CAPTURE_AUTORELEASING = YES;
				CLANG_WARN_BOOL_CONVERSION = YES;
				CLANG_WARN_COMMA = YES;
				CLANG_WARN_CONSTANT_CONVERSION = YES;
				CLANG_WARN_DEPRECATED_OBJC_IMPLEMENTATIONS = YES;
				CLANG_WARN_DIRECT_OBJC_ISA_USAGE = YES_ERROR;
				CLANG_WARN_DOCUMENTATION_COMMENTS = YES;
				CLANG_WARN_EMPTY_BODY = YES;
				CLANG_WARN_ENUM_CONVERSION = YES;
				CLANG_WARN_INFINITE_RECURSION = YES;
				CLANG_WARN_INT_CONVERSION = YES;
				CLANG_WARN_NON_LITERAL_NULL_CONVERSION = YES;
				CLANG_WARN_OBJC_IMPLICIT_RETAIN_SELF = YES;
				CLANG_WARN_OBJC_LITERAL_CONVERSION = YES;
				CLANG_WARN_OBJC_ROOT_CLASS = YES_ERROR;
				CLANG_WARN_QUOTED_INCLUDE_IN_FRAMEWORK_HEADER = YES;
				CLANG_WARN_RANGE_LOOP_ANALYSIS = YES;
				CLANG_WARN_STRICT_PROTOTYPES = YES;
				CLANG_WARN_SUSPICIOUS_MOVE = YES;
				CLANG_WARN_UNGUARDED_AVAILABILITY = YES_AGGRESSIVE;
				CLANG_WARN_UNREACHABLE_CODE = YES;
				CLANG_WARN__DUPLICATE_METHOD_MATCH = YES;
				COPY_PHASE_STRIP = NO;
				DEBUG_INFORMATION_FORMAT = dwarf;
				ENABLE_STRICT_OBJC_MSGSEND = YES;
				ENABLE_TESTABILITY = YES;
				ENABLE_USER_SCRIPT_SANDBOXING = YES;
				GCC_C_LANGUAGE_STANDARD = gnu17;
				GCC_DYNAMIC_NO_PIC = NO;
				GCC_NO_COMMON_BLOCKS = YES;
				GCC_OPTIMIZATION_LEVEL = 0;
				GCC_PREPROCESSOR_DEFINITIONS = (
					"DEBUG=1",
					"$(inherited)",
				);
				GCC_WARN_64_TO_32_BIT_CONVERSION = YES;
				GCC_WARN_ABOUT_RETURN_TYPE = YES_ERROR;
				GCC_WARN_UNDECLARED_SELECTOR = YES;
				GCC_WARN_UNINITIALIZED_AUTOS = YES_AGGRESSIVE;
				GCC_WARN_UNUSED_FUNCTION = YES;
				GCC_WARN_UNUSED_VARIABLE = YES;
				IPHONEOS_DEPLOYMENT_TARGET = 17.4;
				LOCALIZATION_PREFERS_STRING_CATALOGS = YES;
				MTL_ENABLE_DEBUG_INFO = INCLUDE_SOURCE;
				MTL_FAST_MATH = YES;
				ONLY_ACTIVE_ARCH = YES;
				SDKROOT = iphoneos;
			};
			name = Debug;
		};
		672468B42BAC1A6A0088B0A3 /* Release */ = {
			isa = XCBuildConfiguration;
			buildSettings = {
				ALWAYS_SEARCH_USER_PATHS = NO;
				ASSETCATALOG_COMPILER_GENERATE_SWIFT_ASSET_SYMBOL_EXTENSIONS = YES;
				CLANG_ANALYZER_NONNULL = YES;
				CLANG_ANALYZER_NUMBER_OBJECT_CONVERSION = YES_AGGRESSIVE;
				CLANG_CXX_LANGUAGE_STANDARD = "gnu++20";
				CLANG_ENABLE_MODULES = YES;
				CLANG_ENABLE_OBJC_ARC = YES;
				CLANG_ENABLE_OBJC_WEAK = YES;
				CLANG_WARN_BLOCK_CAPTURE_AUTORELEASING = YES;
				CLANG_WARN_BOOL_CONVERSION = YES;
				CLANG_WARN_COMMA = YES;
				CLANG_WARN_CONSTANT_CONVERSION = YES;
				CLANG_WARN_DEPRECATED_OBJC_IMPLEMENTATIONS = YES;
				CLANG_WARN_DIRECT_OBJC_ISA_USAGE = YES_ERROR;
				CLANG_WARN_DOCUMENTATION_COMMENTS = YES;
				CLANG_WARN_EMPTY_BODY = YES;
				CLANG_WARN_ENUM_CONVERSION = YES;
				CLANG_WARN_INFINITE_RECURSION = YES;
				CLANG_WARN_INT_CONVERSION = YES;
				CLANG_WARN_NON_LITERAL_NULL_CONVERSION = YES;
				CLANG_WARN_OBJC_IMPLICIT_RETAIN_SELF = YES;
				CLANG_WARN_OBJC_LITERAL_CONVERSION = YES;
				CLANG_WARN_OBJC_ROOT_CLASS = YES_ERROR;
				CLANG_WARN_QUOTED_INCLUDE_IN_FRAMEWORK_HEADER = YES;
				CLANG_WARN_RANGE_LOOP_ANALYSIS = YES;
				CLANG_WARN_STRICT_PROTOTYPES = YES;
				CLANG_WARN_SUSPICIOUS_MOVE = YES;
				CLANG_WARN_UNGUARDED_AVAILABILITY = YES_AGGRESSIVE;
				CLANG_WARN_UNREACHABLE_CODE = YES;
				CLANG_WARN__DUPLICATE_METHOD_MATCH = YES;
				COPY_PHASE_STRIP = NO;
				DEBUG_INFORMATION_FORMAT = "dwarf-with-dsym";
				ENABLE_NS_ASSERTIONS = NO;
				ENABLE_STRICT_OBJC_MSGSEND = YES;
				ENABLE_USER_SCRIPT_SANDBOXING = YES;
				GCC_C_LANGUAGE_STANDARD = gnu17;
				GCC_NO_COMMON_BLOCKS = YES;
				GCC_WARN_64_TO_32_BIT_CONVERSION = YES;
				GCC_WARN_ABOUT_RETURN_TYPE = YES_ERROR;
				GCC_WARN_UNDECLARED_SELECTOR = YES;
				GCC_WARN_UNINITIALIZED_AUTOS = YES_AGGRESSIVE;
				GCC_WARN_UNUSED_FUNCTION = YES;
				GCC_WARN_UNUSED_VARIABLE = YES;
				IPHONEOS_DEPLOYMENT_TARGET = 17.4;
				LOCALIZATION_PREFERS_STRING_CATALOGS = YES;
				MTL_ENABLE_DEBUG_INFO = NO;
				MTL_FAST_MATH = YES;
				SDKROOT = iphoneos;
				VALIDATE_PRODUCT = YES;
			};
			name = Release;
		};
		672468B62BAC1A6A0088B0A3 /* Debug */ = {
			isa = XCBuildConfiguration;
			baseConfigurationReference = 907C02B7A81BF044A173DE4C /* Pods-CalculatorFYL.debug.xcconfig */;
			buildSettings = {
				ASSETCATALOG_COMPILER_APPICON_NAME = AppIcon;
				ASSETCATALOG_COMPILER_GLOBAL_ACCENT_COLOR_NAME = AccentColor;
				CODE_SIGN_STYLE = Automatic;
				CURRENT_PROJECT_VERSION = 1;
				DEVELOPMENT_TEAM = Q8Y73XAWNT;
				ENABLE_USER_SCRIPT_SANDBOXING = NO;
				GCC_PREFIX_HEADER = "$(SRCROOT)/CalculatorFYL/Public/PrefixHeader.pch";
				GENERATE_INFOPLIST_FILE = YES;
				INFOPLIST_FILE = CalculatorFYL/Info.plist;
				INFOPLIST_KEY_CFBundleDisplayName = "妙妙计算器";
				INFOPLIST_KEY_UIApplicationSupportsIndirectInputEvents = YES;
				INFOPLIST_KEY_UILaunchStoryboardName = LaunchScreen;
				INFOPLIST_KEY_UIMainStoryboardFile = Main;
				INFOPLIST_KEY_UISupportedInterfaceOrientations_iPad = "UIInterfaceOrientationPortrait UIInterfaceOrientationPortraitUpsideDown UIInterfaceOrientationLandscapeLeft UIInterfaceOrientationLandscapeRight";
				INFOPLIST_KEY_UISupportedInterfaceOrientations_iPhone = "UIInterfaceOrientationPortrait UIInterfaceOrientationLandscapeLeft UIInterfaceOrientationLandscapeRight";
				IPHONEOS_DEPLOYMENT_TARGET = 12.0;
				LD_RUNPATH_SEARCH_PATHS = (
					"$(inherited)",
					"@executable_path/Frameworks",
				);
				MARKETING_VERSION = 1.0;
				PRODUCT_BUNDLE_IDENTIFIER = com.TianHao.CalculatorFYL;
				PRODUCT_NAME = "$(TARGET_NAME)";
				SWIFT_EMIT_LOC_STRINGS = YES;
				TARGETED_DEVICE_FAMILY = "1,2";
			};
			name = Debug;
		};
		672468B72BAC1A6A0088B0A3 /* Release */ = {
			isa = XCBuildConfiguration;
			baseConfigurationReference = 34770DB41E8B5C45E20FA86F /* Pods-CalculatorFYL.release.xcconfig */;
			buildSettings = {
				ASSETCATALOG_COMPILER_APPICON_NAME = AppIcon;
				ASSETCATALOG_COMPILER_GLOBAL_ACCENT_COLOR_NAME = AccentColor;
				CODE_SIGN_STYLE = Automatic;
				CURRENT_PROJECT_VERSION = 1;
				DEVELOPMENT_TEAM = Q8Y73XAWNT;
				ENABLE_USER_SCRIPT_SANDBOXING = NO;
				GCC_PREFIX_HEADER = "$(SRCROOT)/CalculatorFYL/Public/PrefixHeader.pch";
				GENERATE_INFOPLIST_FILE = YES;
				INFOPLIST_FILE = CalculatorFYL/Info.plist;
				INFOPLIST_KEY_CFBundleDisplayName = "妙妙计算器";
				INFOPLIST_KEY_UIApplicationSupportsIndirectInputEvents = YES;
				INFOPLIST_KEY_UILaunchStoryboardName = LaunchScreen;
				INFOPLIST_KEY_UIMainStoryboardFile = Main;
				INFOPLIST_KEY_UISupportedInterfaceOrientations_iPad = "UIInterfaceOrientationPortrait UIInterfaceOrientationPortraitUpsideDown UIInterfaceOrientationLandscapeLeft UIInterfaceOrientationLandscapeRight";
				INFOPLIST_KEY_UISupportedInterfaceOrientations_iPhone = "UIInterfaceOrientationPortrait UIInterfaceOrientationLandscapeLeft UIInterfaceOrientationLandscapeRight";
				IPHONEOS_DEPLOYMENT_TARGET = 12.0;
				LD_RUNPATH_SEARCH_PATHS = (
					"$(inherited)",
					"@executable_path/Frameworks",
				);
				MARKETING_VERSION = 1.0;
				PRODUCT_BUNDLE_IDENTIFIER = com.TianHao.CalculatorFYL;
				PRODUCT_NAME = "$(TARGET_NAME)";
				SWIFT_EMIT_LOC_STRINGS = YES;
				TARGETED_DEVICE_FAMILY = "1,2";
			};
			name = Release;
		};
		672468B92BAC1A6A0088B0A3 /* Debug */ = {
			isa = XCBuildConfiguration;
			buildSettings = {
				BUNDLE_LOADER = "$(TEST_HOST)";
				CODE_SIGN_STYLE = Automatic;
				CURRENT_PROJECT_VERSION = 1;
				DEVELOPMENT_TEAM = Z56N6XC84H;
				GENERATE_INFOPLIST_FILE = YES;
				IPHONEOS_DEPLOYMENT_TARGET = 17.4;
				MARKETING_VERSION = 1.0;
				PRODUCT_BUNDLE_IDENTIFIER = com.TianHao.CalculatorFYLTests;
				PRODUCT_NAME = "$(TARGET_NAME)";
				SWIFT_EMIT_LOC_STRINGS = NO;
				TARGETED_DEVICE_FAMILY = "1,2";
				TEST_HOST = "$(BUILT_PRODUCTS_DIR)/CalculatorFYL.app/$(BUNDLE_EXECUTABLE_FOLDER_PATH)/CalculatorFYL";
			};
			name = Debug;
		};
		672468BA2BAC1A6A0088B0A3 /* Release */ = {
			isa = XCBuildConfiguration;
			buildSettings = {
				BUNDLE_LOADER = "$(TEST_HOST)";
				CODE_SIGN_STYLE = Automatic;
				CURRENT_PROJECT_VERSION = 1;
				DEVELOPMENT_TEAM = Z56N6XC84H;
				GENERATE_INFOPLIST_FILE = YES;
				IPHONEOS_DEPLOYMENT_TARGET = 17.4;
				MARKETING_VERSION = 1.0;
				PRODUCT_BUNDLE_IDENTIFIER = com.TianHao.CalculatorFYLTests;
				PRODUCT_NAME = "$(TARGET_NAME)";
				SWIFT_EMIT_LOC_STRINGS = NO;
				TARGETED_DEVICE_FAMILY = "1,2";
				TEST_HOST = "$(BUILT_PRODUCTS_DIR)/CalculatorFYL.app/$(BUNDLE_EXECUTABLE_FOLDER_PATH)/CalculatorFYL";
			};
			name = Release;
		};
		672468BC2BAC1A6A0088B0A3 /* Debug */ = {
			isa = XCBuildConfiguration;
			buildSettings = {
				CODE_SIGN_STYLE = Automatic;
				CURRENT_PROJECT_VERSION = 1;
				DEVELOPMENT_TEAM = Z56N6XC84H;
				GENERATE_INFOPLIST_FILE = YES;
				MARKETING_VERSION = 1.0;
				PRODUCT_BUNDLE_IDENTIFIER = com.TianHao.CalculatorFYLUITests;
				PRODUCT_NAME = "$(TARGET_NAME)";
				SWIFT_EMIT_LOC_STRINGS = NO;
				TARGETED_DEVICE_FAMILY = "1,2";
				TEST_TARGET_NAME = CalculatorFYL;
			};
			name = Debug;
		};
		672468BD2BAC1A6A0088B0A3 /* Release */ = {
			isa = XCBuildConfiguration;
			buildSettings = {
				CODE_SIGN_STYLE = Automatic;
				CURRENT_PROJECT_VERSION = 1;
				DEVELOPMENT_TEAM = Z56N6XC84H;
				GENERATE_INFOPLIST_FILE = YES;
				MARKETING_VERSION = 1.0;
				PRODUCT_BUNDLE_IDENTIFIER = com.TianHao.CalculatorFYLUITests;
				PRODUCT_NAME = "$(TARGET_NAME)";
				SWIFT_EMIT_LOC_STRINGS = NO;
				TARGETED_DEVICE_FAMILY = "1,2";
				TEST_TARGET_NAME = CalculatorFYL;
			};
			name = Release;
		};
/* End XCBuildConfiguration section */

/* Begin XCConfigurationList section */
		672468812BAC1A680088B0A3 /* Build configuration list for PBXProject "CalculatorFYL" */ = {
			isa = XCConfigurationList;
			buildConfigurations = (
				672468B32BAC1A6A0088B0A3 /* Debug */,
				672468B42BAC1A6A0088B0A3 /* Release */,
			);
			defaultConfigurationIsVisible = 0;
			defaultConfigurationName = Release;
		};
		672468B52BAC1A6A0088B0A3 /* Build configuration list for PBXNativeTarget "CalculatorFYL" */ = {
			isa = XCConfigurationList;
			buildConfigurations = (
				672468B62BAC1A6A0088B0A3 /* Debug */,
				672468B72BAC1A6A0088B0A3 /* Release */,
			);
			defaultConfigurationIsVisible = 0;
			defaultConfigurationName = Release;
		};
		672468B82BAC1A6A0088B0A3 /* Build configuration list for PBXNativeTarget "CalculatorFYLTests" */ = {
			isa = XCConfigurationList;
			buildConfigurations = (
				672468B92BAC1A6A0088B0A3 /* Debug */,
				672468BA2BAC1A6A0088B0A3 /* Release */,
			);
			defaultConfigurationIsVisible = 0;
			defaultConfigurationName = Release;
		};
		672468BB2BAC1A6A0088B0A3 /* Build configuration list for PBXNativeTarget "CalculatorFYLUITests" */ = {
			isa = XCConfigurationList;
			buildConfigurations = (
				672468BC2BAC1A6A0088B0A3 /* Debug */,
				672468BD2BAC1A6A0088B0A3 /* Release */,
			);
			defaultConfigurationIsVisible = 0;
			defaultConfigurationName = Release;
		};
/* End XCConfigurationList section */
	};
	rootObject = 6724687E2BAC1A680088B0A3 /* Project object */;
}
